// !$*UTF8*$!
{
	archiveVersion = 1;
	classes = {
	};
	objectVersion = 77;
	objects = {

/* Begin PBXBuildFile section */
		B53934552DA92578001B9336 /* PopOutView.swift in Sources */ = {isa = PBXBuildFile; fileRef = B53934542DA92578001B9336 /* PopOutView.swift */; };
		B5D204772D9EABFB00527343 /* call.caf in Resources */ = {isa = PBXBuildFile; fileRef = B5D2044B2D9EABFB00527343 /* call.caf */; };
		B5D204782D9EABFB00527343 /* tritone.caf in Resources */ = {isa = PBXBuildFile; fileRef = B5D2045A2D9EABFB00527343 /* tritone.caf */; };
		B5D204792D9EABFB00527343 /* hello.caf in Resources */ = {isa = PBXBuildFile; fileRef = B5D204532D9EABFB00527343 /* hello.caf */; };
		B5D2047A2D9EABFB00527343 /* multiway.caf in Resources */ = {isa = PBXBuildFile; fileRef = B5D204542D9EABFB00527343 /* multiway.caf */; };
		B5D2047B2D9EABFB00527343 /* silence.caf in Resources */ = {isa = PBXBuildFile; fileRef = B5D204572D9EABFB00527343 /* silence.caf */; };
		B5D2047C2D9EABFB00527343 /* xiu.caf in Resources */ = {isa = PBXBuildFile; fileRef = B5D2045C2D9EABFB00527343 /* xiu.caf */; };
		B5D2047D2D9EABFB00527343 /* complete.caf in Resources */ = {isa = PBXBuildFile; fileRef = B5D204502D9EABFB00527343 /* complete.caf */; };
		B5D2047E2D9EABFB00527343 /* gold.caf in Resources */ = {isa = PBXBuildFile; fileRef = B5D2044C2D9EABFB00527343 /* gold.caf */; };
		B5D2047F2D9EABFB00527343 /* alarm.caf in Resources */ = {isa = PBXBuildFile; fileRef = B5D2044D2D9EABFB00527343 /* alarm.caf */; };
		B5D204802D9EABFB00527343 /* craft.caf in Resources */ = {isa = PBXBuildFile; fileRef = B5D204512D9EABFB00527343 /* craft.caf */; };
		B5D204812D9EABFB00527343 /* health.caf in Resources */ = {isa = PBXBuildFile; fileRef = B5D204522D9EABFB00527343 /* health.caf */; };
		B5D204822D9EABFB00527343 /* shake.caf in Resources */ = {isa = PBXBuildFile; fileRef = B5D204562D9EABFB00527343 /* shake.caf */; };
		B5D204832D9EABFB00527343 /* typewriter.caf in Resources */ = {isa = PBXBuildFile; fileRef = B5D2045B2D9EABFB00527343 /* typewriter.caf */; };
		B5D204842D9EABFB00527343 /* trill.caf in Resources */ = {isa = PBXBuildFile; fileRef = B5D204592D9EABFB00527343 /* trill.caf */; };
		B5D204852D9EABFB00527343 /* aurora.caf in Resources */ = {isa = PBXBuildFile; fileRef = B5D2044E2D9EABFB00527343 /* aurora.caf */; };
		B5D204862D9EABFB00527343 /* success.caf in Resources */ = {isa = PBXBuildFile; fileRef = B5D204582D9EABFB00527343 /* success.caf */; };
		B5D204872D9EABFB00527343 /* bamboo.caf in Resources */ = {isa = PBXBuildFile; fileRef = B5D2044F2D9EABFB00527343 /* bamboo.caf */; };
		B5D204882D9EABFB00527343 /* popcorn.caf in Resources */ = {isa = PBXBuildFile; fileRef = B5D204552D9EABFB00527343 /* popcorn.caf */; };
		B5D204892D9EABFB00527343 /* Snapshot.swift in Sources */ = {isa = PBXBuildFile; fileRef = B5D204462D9EABFB00527343 /* Snapshot.swift */; };
		B5D2048A2D9EABFB00527343 /* NetworkManager.swift in Sources */ = {isa = PBXBuildFile; fileRef = B5D2046F2D9EABFB00527343 /* NetworkManager.swift */; };
		B5D2048B2D9EABFB00527343 /* RealmManager.swift in Sources */ = {isa = PBXBuildFile; fileRef = B5D2046B2D9EABFB00527343 /* RealmManager.swift */; };
		B5D2048C2D9EABFB00527343 /* ImageManager.swift in Sources */ = {isa = PBXBuildFile; fileRef = B5D2046E2D9EABFB00527343 /* ImageManager.swift */; };
		B5D2048D2D9EABFB00527343 /* HackerTextView.swift in Sources */ = {isa = PBXBuildFile; fileRef = B5D204482D9EABFB00527343 /* HackerTextView.swift */; };
		B5D2048E2D9EABFB00527343 /* MarkdownColors.swift in Sources */ = {isa = PBXBuildFile; fileRef = B5D204632D9EABFB00527343 /* MarkdownColors.swift */; };
		B5D2048F2D9EABFB00527343 /* CustomAlertDrawer.swift in Sources */ = {isa = PBXBuildFile; fileRef = B5D204372D9EABFB00527343 /* CustomAlertDrawer.swift */; };
		B5D204902D9EABFB00527343 /* AnimatedSideBar.swift in Sources */ = {isa = PBXBuildFile; fileRef = B5D204492D9EABFB00527343 /* AnimatedSideBar.swift */; };
		B5D204912D9EABFB00527343 /* DisintegrationEffect.swift in Sources */ = {isa = PBXBuildFile; fileRef = B5D204412D9EABFB00527343 /* DisintegrationEffect.swift */; };
		B5D204922D9EABFB00527343 /* Spinner.swift in Sources */ = {isa = PBXBuildFile; fileRef = B5D2043B2D9EABFB00527343 /* Spinner.swift */; };
		B5D204932D9EABFB00527343 /* OpenChatManager.swift in Sources */ = {isa = PBXBuildFile; fileRef = B5D204662D9EABFB00527343 /* OpenChatManager.swift */; };
		B5D204942D9EABFB00527343 /* StaggeredView.swift in Sources */ = {isa = PBXBuildFile; fileRef = B5D204392D9EABFB00527343 /* StaggeredView.swift */; };
		B5D204952D9EABFB00527343 /* MessageModel.swift in Sources */ = {isa = PBXBuildFile; fileRef = B5D204342D9EABFB00527343 /* MessageModel.swift */; };
		B5D204972D9EABFB00527343 /* ImageViewer.swift in Sources */ = {isa = PBXBuildFile; fileRef = B5D2043D2D9EABFB00527343 /* ImageViewer.swift */; };
		B5D204982D9EABFB00527343 /* AnimatedButton.swift in Sources */ = {isa = PBXBuildFile; fileRef = B5D2043C2D9EABFB00527343 /* AnimatedButton.swift */; };
		B5D204992D9EABFB00527343 /* PushbackManager.swift in Sources */ = {isa = PBXBuildFile; fileRef = B5D2046A2D9EABFB00527343 /* PushbackManager.swift */; };
		B5D2049A2D9EABFB00527343 /* PushParams.swift in Sources */ = {isa = PBXBuildFile; fileRef = B5D204712D9EABFB00527343 /* PushParams.swift */; };
		B5D2049B2D9EABFB00527343 /* LocalKeys.swift in Sources */ = {isa = PBXBuildFile; fileRef = B5D204732D9EABFB00527343 /* LocalKeys.swift */; };
		B5D2049C2D9EABFB00527343 /* ChatMessageModel.swift in Sources */ = {isa = PBXBuildFile; fileRef = B5D204332D9EABFB00527343 /* ChatMessageModel.swift */; };
		B5D2049D2D9EABFB00527343 /* View+.swift in Sources */ = {isa = PBXBuildFile; fileRef = B5D204612D9EABFB00527343 /* View+.swift */; };
		B5D2049E2D9EABFB00527343 /* cryptoManager.swift in Sources */ = {isa = PBXBuildFile; fileRef = B5D2046D2D9EABFB00527343 /* cryptoManager.swift */; };
		B5D2049F2D9EABFB00527343 /* BaseConfig.swift in Sources */ = {isa = PBXBuildFile; fileRef = B5D204742D9EABFB00527343 /* BaseConfig.swift */; };
		B5D204A02D9EABFB00527343 /* Navigation+Extension.swift in Sources */ = {isa = PBXBuildFile; fileRef = B5D2045E2D9EABFB00527343 /* Navigation+Extension.swift */; };
		B5D204A12D9EABFB00527343 /* image+.swift in Sources */ = {isa = PBXBuildFile; fileRef = B5D204622D9EABFB00527343 /* image+.swift */; };
		B5D204A22D9EABFB00527343 /* TrayHelper.swift in Sources */ = {isa = PBXBuildFile; fileRef = B5D204382D9EABFB00527343 /* TrayHelper.swift */; };
		B5D204A32D9EABFB00527343 /* StoreKitManager.swift in Sources */ = {isa = PBXBuildFile; fileRef = B5D204672D9EABFB00527343 /* StoreKitManager.swift */; };
		B5D204A42D9EABFB00527343 /* RealmConfig.swift in Sources */ = {isa = PBXBuildFile; fileRef = B5D204752D9EABFB00527343 /* RealmConfig.swift */; };
		B5D204A52D9EABFB00527343 /* Extension+.swift in Sources */ = {isa = PBXBuildFile; fileRef = B5D204602D9EABFB00527343 /* Extension+.swift */; };
		B5D204A62D9EABFB00527343 /* OtherModel.swift in Sources */ = {isa = PBXBuildFile; fileRef = B5D204352D9EABFB00527343 /* OtherModel.swift */; };
		B5D204A72D9EABFB00527343 /* Splash+.swift in Sources */ = {isa = PBXBuildFile; fileRef = B5D2045F2D9EABFB00527343 /* Splash+.swift */; };
		B5D204A82D9EABFB00527343 /* TagField.swift in Sources */ = {isa = PBXBuildFile; fileRef = B5D2043F2D9EABFB00527343 /* TagField.swift */; };
		B5D204A92D9EABFB00527343 /* WaveformScrubber.swift in Sources */ = {isa = PBXBuildFile; fileRef = B5D2043A2D9EABFB00527343 /* WaveformScrubber.swift */; };
		B5D204AA2D9EABFB00527343 /* CloudKitManager.swift in Sources */ = {isa = PBXBuildFile; fileRef = B5D204652D9EABFB00527343 /* CloudKitManager.swift */; };
		B5D204AB2D9EABFB00527343 /* HeroEffect.swift in Sources */ = {isa = PBXBuildFile; fileRef = B5D204422D9EABFB00527343 /* HeroEffect.swift */; };
		B5D204AC2D9EABFB00527343 /* AudioManager.swift in Sources */ = {isa = PBXBuildFile; fileRef = B5D204692D9EABFB00527343 /* AudioManager.swift */; };
		B5D204AD2D9EABFB00527343 /* Clipboard.swift in Sources */ = {isa = PBXBuildFile; fileRef = B5D204722D9EABFB00527343 /* Clipboard.swift */; };
		B5D204AE2D9EABFB00527343 /* ParallaxImageView.swift in Sources */ = {isa = PBXBuildFile; fileRef = B5D204442D9EABFB00527343 /* ParallaxImageView.swift */; };
		B5D204AF2D9EABFB00527343 /* ParticleEffect.swift in Sources */ = {isa = PBXBuildFile; fileRef = B5D204472D9EABFB00527343 /* ParticleEffect.swift */; };
		B5D204B02D9EABFB00527343 /* PopView.swift in Sources */ = {isa = PBXBuildFile; fileRef = B5D204402D9EABFB00527343 /* PopView.swift */; };
		B5D204B12D9EABFB00527343 /* FullSwipeNavigationStack.swift in Sources */ = {isa = PBXBuildFile; fileRef = B5D204432D9EABFB00527343 /* FullSwipeNavigationStack.swift */; };
		B5D204B22D9EABFB00527343 /* PushServerCloudKit.swift in Sources */ = {isa = PBXBuildFile; fileRef = B5D204682D9EABFB00527343 /* PushServerCloudKit.swift */; };
		B5D204B32D9EABFB00527343 /* TagLayout.swift in Sources */ = {isa = PBXBuildFile; fileRef = B5D2043E2D9EABFB00527343 /* TagLayout.swift */; };
		B5D204B42D9EABFB00527343 /* TabStateScrollView.swift in Sources */ = {isa = PBXBuildFile; fileRef = B5D204452D9EABFB00527343 /* TabStateScrollView.swift */; };
		B5D205792D9EAE0400527343 /* MarkdownUI in Frameworks */ = {isa = PBXBuildFile; productRef = B5D205782D9EAE0400527343 /* MarkdownUI */; };
		B5D2057C2D9EAE1C00527343 /* Defaults in Frameworks */ = {isa = PBXBuildFile; productRef = B5D2057B2D9EAE1C00527343 /* Defaults */; };
		B5D2057F2D9EAE2C00527343 /* Kingfisher in Frameworks */ = {isa = PBXBuildFile; productRef = B5D2057E2D9EAE2C00527343 /* Kingfisher */; };
		B5D205822D9EAE3F00527343 /* OpenAI in Frameworks */ = {isa = PBXBuildFile; productRef = B5D205812D9EAE3F00527343 /* OpenAI */; };
		B5D205852D9EAE5500527343 /* CrashReporter in Frameworks */ = {isa = PBXBuildFile; productRef = B5D205842D9EAE5500527343 /* CrashReporter */; };
		B5D205882D9EAE6A00527343 /* QRScanner in Frameworks */ = {isa = PBXBuildFile; productRef = B5D205872D9EAE6A00527343 /* QRScanner */; };
		B5D2058D2D9EAE8A00527343 /* RealmSwift in Frameworks */ = {isa = PBXBuildFile; productRef = B5D2058C2D9EAE8A00527343 /* RealmSwift */; };
		B5D205902D9EAEA800527343 /* Splash in Frameworks */ = {isa = PBXBuildFile; productRef = B5D2058F2D9EAEA800527343 /* Splash */; };
		B5D205932D9EAEBE00527343 /* cmark-gfm in Frameworks */ = {isa = PBXBuildFile; productRef = B5D205922D9EAEBE00527343 /* cmark-gfm */; };
		B5D205952D9EAEBE00527343 /* cmark-gfm-extensions in Frameworks */ = {isa = PBXBuildFile; productRef = B5D205942D9EAEBE00527343 /* cmark-gfm-extensions */; };
		B5D205982D9EAED900527343 /* SwiftyJSON in Frameworks */ = {isa = PBXBuildFile; productRef = B5D205972D9EAED900527343 /* SwiftyJSON */; };
		B5D205A42D9EAEFE00527343 /* NotificationServiceExtension.appex in Embed Foundation Extensions */ = {isa = PBXBuildFile; fileRef = B5D2059D2D9EAEFE00527343 /* NotificationServiceExtension.appex */; settings = {ATTRIBUTES = (RemoveHeadersOnCopy, ); }; };
		B5D205B12D9EAF1500527343 /* UserNotifications.framework in Frameworks */ = {isa = PBXBuildFile; fileRef = B5D205B02D9EAF1500527343 /* UserNotifications.framework */; };
		B5D205B32D9EAF1500527343 /* UserNotificationsUI.framework in Frameworks */ = {isa = PBXBuildFile; fileRef = B5D205B22D9EAF1500527343 /* UserNotificationsUI.framework */; };
		B5D205BD2D9EAF1500527343 /* NotificationContentExtension.appex in Embed Foundation Extensions */ = {isa = PBXBuildFile; fileRef = B5D205AE2D9EAF1500527343 /* NotificationContentExtension.appex */; settings = {ATTRIBUTES = (RemoveHeadersOnCopy, ); }; };
		B5D205C72D9EAF3600527343 /* UserNotifications.framework in Frameworks */ = {isa = PBXBuildFile; fileRef = B5D205B02D9EAF1500527343 /* UserNotifications.framework */; };
		B5D205C82D9EAF3600527343 /* UserNotificationsUI.framework in Frameworks */ = {isa = PBXBuildFile; fileRef = B5D205B22D9EAF1500527343 /* UserNotificationsUI.framework */; };
		B5D205D22D9EAF3600527343 /* NotificationMarkdownExtension.appex in Embed Foundation Extensions */ = {isa = PBXBuildFile; fileRef = B5D205C62D9EAF3600527343 /* NotificationMarkdownExtension.appex */; settings = {ATTRIBUTES = (RemoveHeadersOnCopy, ); }; };
		B5D205E52D9EAF4500527343 /* ShareExtension.appex in Embed Foundation Extensions */ = {isa = PBXBuildFile; fileRef = B5D205DB2D9EAF4500527343 /* ShareExtension.appex */; settings = {ATTRIBUTES = (RemoveHeadersOnCopy, ); }; };
		B5D205EB2D9EAF9900527343 /* LocalKeys.swift in Sources */ = {isa = PBXBuildFile; fileRef = B5D204732D9EABFB00527343 /* LocalKeys.swift */; };
		B5D205EC2D9EAFA300527343 /* PushParams.swift in Sources */ = {isa = PBXBuildFile; fileRef = B5D204712D9EABFB00527343 /* PushParams.swift */; };
		B5D205EF2D9EAFC600527343 /* Extension+.swift in Sources */ = {isa = PBXBuildFile; fileRef = B5D204602D9EABFB00527343 /* Extension+.swift */; };
		B5D205F02D9EAFC600527343 /* View+.swift in Sources */ = {isa = PBXBuildFile; fileRef = B5D204612D9EABFB00527343 /* View+.swift */; };
		B5D205F12D9EAFD200527343 /* BaseConfig.swift in Sources */ = {isa = PBXBuildFile; fileRef = B5D204742D9EABFB00527343 /* BaseConfig.swift */; };
		B5D205F22D9EAFE100527343 /* ImageManager.swift in Sources */ = {isa = PBXBuildFile; fileRef = B5D2046E2D9EABFB00527343 /* ImageManager.swift */; };
		B5D205F32D9EAFFA00527343 /* Clipboard.swift in Sources */ = {isa = PBXBuildFile; fileRef = B5D204722D9EABFB00527343 /* Clipboard.swift */; };
		B5D205F42D9EB00600527343 /* TagField.swift in Sources */ = {isa = PBXBuildFile; fileRef = B5D2043F2D9EABFB00527343 /* TagField.swift */; };
		B5D205F52D9EB01100527343 /* CloudKitManager.swift in Sources */ = {isa = PBXBuildFile; fileRef = B5D204652D9EABFB00527343 /* CloudKitManager.swift */; };
		B5D206092D9EB13700527343 /* cmark-gfm in Frameworks */ = {isa = PBXBuildFile; productRef = B5D206082D9EB13700527343 /* cmark-gfm */; };
		B5D2060C2D9EB2BC00527343 /* Defaults in Frameworks */ = {isa = PBXBuildFile; productRef = B5D2060B2D9EB2BC00527343 /* Defaults */; };
		B5D2060E2D9EB36100527343 /* Kingfisher in Frameworks */ = {isa = PBXBuildFile; productRef = B5D2060D2D9EB36100527343 /* Kingfisher */; };
		B5D2060F2D9EB3AC00527343 /* OtherModel.swift in Sources */ = {isa = PBXBuildFile; fileRef = B5D204352D9EABFB00527343 /* OtherModel.swift */; };
		B5D206102D9EB3AC00527343 /* Extension+.swift in Sources */ = {isa = PBXBuildFile; fileRef = B5D204602D9EABFB00527343 /* Extension+.swift */; };
		B5D206112D9EB3AC00527343 /* PushParams.swift in Sources */ = {isa = PBXBuildFile; fileRef = B5D204712D9EABFB00527343 /* PushParams.swift */; };
		B5D206122D9EB3AC00527343 /* Clipboard.swift in Sources */ = {isa = PBXBuildFile; fileRef = B5D204722D9EABFB00527343 /* Clipboard.swift */; };
		B5D206132D9EB3AC00527343 /* LocalKeys.swift in Sources */ = {isa = PBXBuildFile; fileRef = B5D204732D9EABFB00527343 /* LocalKeys.swift */; };
		B5D206142D9EB3AC00527343 /* BaseConfig.swift in Sources */ = {isa = PBXBuildFile; fileRef = B5D204742D9EABFB00527343 /* BaseConfig.swift */; };
		B5D206152D9EB3BB00527343 /* ImageManager.swift in Sources */ = {isa = PBXBuildFile; fileRef = B5D2046E2D9EABFB00527343 /* ImageManager.swift */; };
		B5D206172D9EB3FA00527343 /* cmark-gfm in Frameworks */ = {isa = PBXBuildFile; productRef = B5D206162D9EB3FA00527343 /* cmark-gfm */; };
		B5D206192D9EB3FA00527343 /* cmark-gfm-extensions in Frameworks */ = {isa = PBXBuildFile; productRef = B5D206182D9EB3FA00527343 /* cmark-gfm-extensions */; };
		B5D2061D2D9EB4AB00527343 /* PushParams.swift in Sources */ = {isa = PBXBuildFile; fileRef = B5D204712D9EABFB00527343 /* PushParams.swift */; };
		B5D206212D9EB78600527343 /* Defaults in Frameworks */ = {isa = PBXBuildFile; productRef = B5D206202D9EB78600527343 /* Defaults */; };
		B5D206232D9EB78600527343 /* Kingfisher in Frameworks */ = {isa = PBXBuildFile; productRef = B5D206222D9EB78600527343 /* Kingfisher */; };
		B5D206252D9EB78600527343 /* RealmSwift in Frameworks */ = {isa = PBXBuildFile; productRef = B5D206242D9EB78600527343 /* RealmSwift */; };
		B5D206292D9EB78600527343 /* SwiftyJSON in Frameworks */ = {isa = PBXBuildFile; productRef = B5D206282D9EB78600527343 /* SwiftyJSON */; };
		B5D2062B2D9EB7BD00527343 /* Kingfisher in Frameworks */ = {isa = PBXBuildFile; productRef = B5D2062A2D9EB7BD00527343 /* Kingfisher */; };
		B5D2062E2D9EB85F00527343 /* StoreKit.framework in Frameworks */ = {isa = PBXBuildFile; fileRef = B5D2062D2D9EB85E00527343 /* StoreKit.framework */; };
		B5D2062F2D9EB90E00527343 /* PushParams.swift in Sources */ = {isa = PBXBuildFile; fileRef = B5D204712D9EABFB00527343 /* PushParams.swift */; };
		B5D206302D9EB90E00527343 /* Clipboard.swift in Sources */ = {isa = PBXBuildFile; fileRef = B5D204722D9EABFB00527343 /* Clipboard.swift */; };
		B5D206312D9EB90E00527343 /* LocalKeys.swift in Sources */ = {isa = PBXBuildFile; fileRef = B5D204732D9EABFB00527343 /* LocalKeys.swift */; };
		B5D206322D9EB90E00527343 /* BaseConfig.swift in Sources */ = {isa = PBXBuildFile; fileRef = B5D204742D9EABFB00527343 /* BaseConfig.swift */; };
		B5D206332D9EB90E00527343 /* RealmConfig.swift in Sources */ = {isa = PBXBuildFile; fileRef = B5D204752D9EABFB00527343 /* RealmConfig.swift */; };
		B5D206342D9EB97800527343 /* OtherModel.swift in Sources */ = {isa = PBXBuildFile; fileRef = B5D204352D9EABFB00527343 /* OtherModel.swift */; };
		B5D206352D9EB99800527343 /* OtherModel.swift in Sources */ = {isa = PBXBuildFile; fileRef = B5D204352D9EABFB00527343 /* OtherModel.swift */; };
		B5D206362D9EB9A300527343 /* MessageModel.swift in Sources */ = {isa = PBXBuildFile; fileRef = B5D204342D9EABFB00527343 /* MessageModel.swift */; };
		B5D206372D9EB9F700527343 /* cryptoManager.swift in Sources */ = {isa = PBXBuildFile; fileRef = B5D2046D2D9EABFB00527343 /* cryptoManager.swift */; };
		B5D206382D9EB9F700527343 /* ImageManager.swift in Sources */ = {isa = PBXBuildFile; fileRef = B5D2046E2D9EABFB00527343 /* ImageManager.swift */; };
		B5D206392D9EBA4D00527343 /* Extension+.swift in Sources */ = {isa = PBXBuildFile; fileRef = B5D204602D9EABFB00527343 /* Extension+.swift */; };
		B5D2063A2D9EBAD700527343 /* CloudKitManager.swift in Sources */ = {isa = PBXBuildFile; fileRef = B5D204652D9EABFB00527343 /* CloudKitManager.swift */; };
		B5D2063C2D9EBAFE00527343 /* Defaults in Frameworks */ = {isa = PBXBuildFile; productRef = B5D2063B2D9EBAFE00527343 /* Defaults */; };
		B5D2064C2D9EBFDB00527343 /* RealmSwift in Embed Frameworks */ = {isa = PBXBuildFile; productRef = B5D2058C2D9EAE8A00527343 /* RealmSwift */; settings = {ATTRIBUTES = (CodeSignOnCopy, ); }; };
		B5D206502D9EC74900527343 /* WebKit.framework in Frameworks */ = {isa = PBXBuildFile; fileRef = B5D2064F2D9EC74900527343 /* WebKit.framework */; };
		B5D206522D9ECF5200527343 /* call.caf in Resources */ = {isa = PBXBuildFile; fileRef = B5D2044B2D9EABFB00527343 /* call.caf */; };
		B5D206532D9ECF5200527343 /* gold.caf in Resources */ = {isa = PBXBuildFile; fileRef = B5D2044C2D9EABFB00527343 /* gold.caf */; };
		B5D206542D9ECF5200527343 /* alarm.caf in Resources */ = {isa = PBXBuildFile; fileRef = B5D2044D2D9EABFB00527343 /* alarm.caf */; };
		B5D206552D9ECF5200527343 /* aurora.caf in Resources */ = {isa = PBXBuildFile; fileRef = B5D2044E2D9EABFB00527343 /* aurora.caf */; };
		B5D206562D9ECF5200527343 /* bamboo.caf in Resources */ = {isa = PBXBuildFile; fileRef = B5D2044F2D9EABFB00527343 /* bamboo.caf */; };
		B5D206572D9ECF5200527343 /* complete.caf in Resources */ = {isa = PBXBuildFile; fileRef = B5D204502D9EABFB00527343 /* complete.caf */; };
		B5D206582D9ECF5200527343 /* craft.caf in Resources */ = {isa = PBXBuildFile; fileRef = B5D204512D9EABFB00527343 /* craft.caf */; };
		B5D206592D9ECF5200527343 /* health.caf in Resources */ = {isa = PBXBuildFile; fileRef = B5D204522D9EABFB00527343 /* health.caf */; };
		B5D2065A2D9ECF5200527343 /* hello.caf in Resources */ = {isa = PBXBuildFile; fileRef = B5D204532D9EABFB00527343 /* hello.caf */; };
		B5D2065B2D9ECF5200527343 /* multiway.caf in Resources */ = {isa = PBXBuildFile; fileRef = B5D204542D9EABFB00527343 /* multiway.caf */; };
		B5D2065C2D9ECF5200527343 /* popcorn.caf in Resources */ = {isa = PBXBuildFile; fileRef = B5D204552D9EABFB00527343 /* popcorn.caf */; };
		B5D2065D2D9ECF5200527343 /* shake.caf in Resources */ = {isa = PBXBuildFile; fileRef = B5D204562D9EABFB00527343 /* shake.caf */; };
		B5D2065E2D9ECF5200527343 /* silence.caf in Resources */ = {isa = PBXBuildFile; fileRef = B5D204572D9EABFB00527343 /* silence.caf */; };
		B5D2065F2D9ECF5200527343 /* success.caf in Resources */ = {isa = PBXBuildFile; fileRef = B5D204582D9EABFB00527343 /* success.caf */; };
		B5D206602D9ECF5200527343 /* trill.caf in Resources */ = {isa = PBXBuildFile; fileRef = B5D204592D9EABFB00527343 /* trill.caf */; };
		B5D206612D9ECF5200527343 /* tritone.caf in Resources */ = {isa = PBXBuildFile; fileRef = B5D2045A2D9EABFB00527343 /* tritone.caf */; };
		B5D206622D9ECF5200527343 /* typewriter.caf in Resources */ = {isa = PBXBuildFile; fileRef = B5D2045B2D9EABFB00527343 /* typewriter.caf */; };
		B5D206632D9ECF5200527343 /* xiu.caf in Resources */ = {isa = PBXBuildFile; fileRef = B5D2045C2D9EABFB00527343 /* xiu.caf */; };
/* End PBXBuildFile section */

/* Begin PBXContainerItemProxy section */
		B5D205A22D9EAEFE00527343 /* PBXContainerItemProxy */ = {
			isa = PBXContainerItemProxy;
			containerPortal = B5D2041D2D9EABA300527343 /* Project object */;
			proxyType = 1;
			remoteGlobalIDString = B5D2059C2D9EAEFE00527343;
			remoteInfo = NotificationServiceExtension;
		};
		B5D205BB2D9EAF1500527343 /* PBXContainerItemProxy */ = {
			isa = PBXContainerItemProxy;
			containerPortal = B5D2041D2D9EABA300527343 /* Project object */;
			proxyType = 1;
			remoteGlobalIDString = B5D205AD2D9EAF1500527343;
			remoteInfo = NotificationContentExtension;
		};
		B5D205D02D9EAF3600527343 /* PBXContainerItemProxy */ = {
			isa = PBXContainerItemProxy;
			containerPortal = B5D2041D2D9EABA300527343 /* Project object */;
			proxyType = 1;
			remoteGlobalIDString = B5D205C52D9EAF3600527343;
			remoteInfo = NotificationMarkdownExtension;
		};
		B5D205E32D9EAF4500527343 /* PBXContainerItemProxy */ = {
			isa = PBXContainerItemProxy;
			containerPortal = B5D2041D2D9EABA300527343 /* Project object */;
			proxyType = 1;
			remoteGlobalIDString = B5D205DA2D9EAF4500527343;
			remoteInfo = ShareExtension;
		};
/* End PBXContainerItemProxy section */

/* Begin PBXCopyFilesBuildPhase section */
		B5D205A92D9EAEFE00527343 /* Embed Foundation Extensions */ = {
			isa = PBXCopyFilesBuildPhase;
			buildActionMask = 2147483647;
			dstPath = "";
			dstSubfolderSpec = 13;
			files = (
				B5D205E52D9EAF4500527343 /* ShareExtension.appex in Embed Foundation Extensions */,
				B5D205A42D9EAEFE00527343 /* NotificationServiceExtension.appex in Embed Foundation Extensions */,
				B5D205BD2D9EAF1500527343 /* NotificationContentExtension.appex in Embed Foundation Extensions */,
				B5D205D22D9EAF3600527343 /* NotificationMarkdownExtension.appex in Embed Foundation Extensions */,
			);
			name = "Embed Foundation Extensions";
			runOnlyForDeploymentPostprocessing = 0;
		};
		B5D206262D9EB78600527343 /* Embed Frameworks */ = {
			isa = PBXCopyFilesBuildPhase;
			buildActionMask = 2147483647;
			dstPath = "";
			dstSubfolderSpec = 10;
			files = (
			);
			name = "Embed Frameworks";
			runOnlyForDeploymentPostprocessing = 0;
		};
		B5D2064B2D9EBFA800527343 /* Embed Frameworks */ = {
			isa = PBXCopyFilesBuildPhase;
			buildActionMask = 2147483647;
			dstPath = "";
			dstSubfolderSpec = 10;
			files = (
				B5D2064C2D9EBFDB00527343 /* RealmSwift in Embed Frameworks */,
			);
			name = "Embed Frameworks";
			runOnlyForDeploymentPostprocessing = 0;
		};
/* End PBXCopyFilesBuildPhase section */

/* Begin PBXFileReference section */
		B53934542DA92578001B9336 /* PopOutView.swift */ = {isa = PBXFileReference; lastKnownFileType = sourcecode.swift; path = PopOutView.swift; sourceTree = "<group>"; };
		B5D204252D9EABA300527343 /* pushback.app */ = {isa = PBXFileReference; explicitFileType = wrapper.application; includeInIndex = 0; path = pushback.app; sourceTree = BUILT_PRODUCTS_DIR; };
		B5D204332D9EABFB00527343 /* ChatMessageModel.swift */ = {isa = PBXFileReference; lastKnownFileType = sourcecode.swift; path = ChatMessageModel.swift; sourceTree = "<group>"; };
		B5D204342D9EABFB00527343 /* MessageModel.swift */ = {isa = PBXFileReference; lastKnownFileType = sourcecode.swift; path = MessageModel.swift; sourceTree = "<group>"; };
		B5D204352D9EABFB00527343 /* OtherModel.swift */ = {isa = PBXFileReference; lastKnownFileType = sourcecode.swift; path = OtherModel.swift; sourceTree = "<group>"; };
		B5D204372D9EABFB00527343 /* CustomAlertDrawer.swift */ = {isa = PBXFileReference; lastKnownFileType = sourcecode.swift; path = CustomAlertDrawer.swift; sourceTree = "<group>"; };
		B5D204382D9EABFB00527343 /* TrayHelper.swift */ = {isa = PBXFileReference; lastKnownFileType = sourcecode.swift; path = TrayHelper.swift; sourceTree = "<group>"; };
		B5D204392D9EABFB00527343 /* StaggeredView.swift */ = {isa = PBXFileReference; lastKnownFileType = sourcecode.swift; path = StaggeredView.swift; sourceTree = "<group>"; };
		B5D2043A2D9EABFB00527343 /* WaveformScrubber.swift */ = {isa = PBXFileReference; lastKnownFileType = sourcecode.swift; path = WaveformScrubber.swift; sourceTree = "<group>"; };
		B5D2043B2D9EABFB00527343 /* Spinner.swift */ = {isa = PBXFileReference; lastKnownFileType = sourcecode.swift; path = Spinner.swift; sourceTree = "<group>"; };
		B5D2043C2D9EABFB00527343 /* AnimatedButton.swift */ = {isa = PBXFileReference; lastKnownFileType = sourcecode.swift; path = AnimatedButton.swift; sourceTree = "<group>"; };
		B5D2043D2D9EABFB00527343 /* ImageViewer.swift */ = {isa = PBXFileReference; lastKnownFileType = sourcecode.swift; path = ImageViewer.swift; sourceTree = "<group>"; };
		B5D2043E2D9EABFB00527343 /* TagLayout.swift */ = {isa = PBXFileReference; lastKnownFileType = sourcecode.swift; path = TagLayout.swift; sourceTree = "<group>"; };
		B5D2043F2D9EABFB00527343 /* TagField.swift */ = {isa = PBXFileReference; lastKnownFileType = sourcecode.swift; path = TagField.swift; sourceTree = "<group>"; };
		B5D204402D9EABFB00527343 /* PopView.swift */ = {isa = PBXFileReference; lastKnownFileType = sourcecode.swift; path = PopView.swift; sourceTree = "<group>"; };
		B5D204412D9EABFB00527343 /* DisintegrationEffect.swift */ = {isa = PBXFileReference; lastKnownFileType = sourcecode.swift; path = DisintegrationEffect.swift; sourceTree = "<group>"; };
		B5D204422D9EABFB00527343 /* HeroEffect.swift */ = {isa = PBXFileReference; lastKnownFileType = sourcecode.swift; path = HeroEffect.swift; sourceTree = "<group>"; };
		B5D204432D9EABFB00527343 /* FullSwipeNavigationStack.swift */ = {isa = PBXFileReference; lastKnownFileType = sourcecode.swift; path = FullSwipeNavigationStack.swift; sourceTree = "<group>"; };
		B5D204442D9EABFB00527343 /* ParallaxImageView.swift */ = {isa = PBXFileReference; lastKnownFileType = sourcecode.swift; path = ParallaxImageView.swift; sourceTree = "<group>"; };
		B5D204452D9EABFB00527343 /* TabStateScrollView.swift */ = {isa = PBXFileReference; lastKnownFileType = sourcecode.swift; path = TabStateScrollView.swift; sourceTree = "<group>"; };
		B5D204462D9EABFB00527343 /* Snapshot.swift */ = {isa = PBXFileReference; lastKnownFileType = sourcecode.swift; path = Snapshot.swift; sourceTree = "<group>"; };
		B5D204472D9EABFB00527343 /* ParticleEffect.swift */ = {isa = PBXFileReference; lastKnownFileType = sourcecode.swift; path = ParticleEffect.swift; sourceTree = "<group>"; };
		B5D204482D9EABFB00527343 /* HackerTextView.swift */ = {isa = PBXFileReference; lastKnownFileType = sourcecode.swift; path = HackerTextView.swift; sourceTree = "<group>"; };
		B5D204492D9EABFB00527343 /* AnimatedSideBar.swift */ = {isa = PBXFileReference; lastKnownFileType = sourcecode.swift; path = AnimatedSideBar.swift; sourceTree = "<group>"; };
		B5D2044B2D9EABFB00527343 /* call.caf */ = {isa = PBXFileReference; lastKnownFileType = file; path = call.caf; sourceTree = "<group>"; };
		B5D2044C2D9EABFB00527343 /* gold.caf */ = {isa = PBXFileReference; lastKnownFileType = file; path = gold.caf; sourceTree = "<group>"; };
		B5D2044D2D9EABFB00527343 /* alarm.caf */ = {isa = PBXFileReference; lastKnownFileType = file; path = alarm.caf; sourceTree = "<group>"; };
		B5D2044E2D9EABFB00527343 /* aurora.caf */ = {isa = PBXFileReference; lastKnownFileType = file; path = aurora.caf; sourceTree = "<group>"; };
		B5D2044F2D9EABFB00527343 /* bamboo.caf */ = {isa = PBXFileReference; lastKnownFileType = file; path = bamboo.caf; sourceTree = "<group>"; };
		B5D204502D9EABFB00527343 /* complete.caf */ = {isa = PBXFileReference; lastKnownFileType = file; path = complete.caf; sourceTree = "<group>"; };
		B5D204512D9EABFB00527343 /* craft.caf */ = {isa = PBXFileReference; lastKnownFileType = file; path = craft.caf; sourceTree = "<group>"; };
		B5D204522D9EABFB00527343 /* health.caf */ = {isa = PBXFileReference; lastKnownFileType = file; path = health.caf; sourceTree = "<group>"; };
		B5D204532D9EABFB00527343 /* hello.caf */ = {isa = PBXFileReference; lastKnownFileType = file; path = hello.caf; sourceTree = "<group>"; };
		B5D204542D9EABFB00527343 /* multiway.caf */ = {isa = PBXFileReference; lastKnownFileType = file; path = multiway.caf; sourceTree = "<group>"; };
		B5D204552D9EABFB00527343 /* popcorn.caf */ = {isa = PBXFileReference; lastKnownFileType = file; path = popcorn.caf; sourceTree = "<group>"; };
		B5D204562D9EABFB00527343 /* shake.caf */ = {isa = PBXFileReference; lastKnownFileType = file; path = shake.caf; sourceTree = "<group>"; };
		B5D204572D9EABFB00527343 /* silence.caf */ = {isa = PBXFileReference; lastKnownFileType = file; path = silence.caf; sourceTree = "<group>"; };
		B5D204582D9EABFB00527343 /* success.caf */ = {isa = PBXFileReference; lastKnownFileType = file; path = success.caf; sourceTree = "<group>"; };
		B5D204592D9EABFB00527343 /* trill.caf */ = {isa = PBXFileReference; lastKnownFileType = file; path = trill.caf; sourceTree = "<group>"; };
		B5D2045A2D9EABFB00527343 /* tritone.caf */ = {isa = PBXFileReference; lastKnownFileType = file; path = tritone.caf; sourceTree = "<group>"; };
		B5D2045B2D9EABFB00527343 /* typewriter.caf */ = {isa = PBXFileReference; lastKnownFileType = file; path = typewriter.caf; sourceTree = "<group>"; };
		B5D2045C2D9EABFB00527343 /* xiu.caf */ = {isa = PBXFileReference; lastKnownFileType = file; path = xiu.caf; sourceTree = "<group>"; };
		B5D2045E2D9EABFB00527343 /* Navigation+Extension.swift */ = {isa = PBXFileReference; lastKnownFileType = sourcecode.swift; path = "Navigation+Extension.swift"; sourceTree = "<group>"; };
		B5D2045F2D9EABFB00527343 /* Splash+.swift */ = {isa = PBXFileReference; lastKnownFileType = sourcecode.swift; path = "Splash+.swift"; sourceTree = "<group>"; };
		B5D204602D9EABFB00527343 /* Extension+.swift */ = {isa = PBXFileReference; lastKnownFileType = sourcecode.swift; path = "Extension+.swift"; sourceTree = "<group>"; };
		B5D204612D9EABFB00527343 /* View+.swift */ = {isa = PBXFileReference; lastKnownFileType = sourcecode.swift; path = "View+.swift"; sourceTree = "<group>"; };
		B5D204622D9EABFB00527343 /* image+.swift */ = {isa = PBXFileReference; lastKnownFileType = sourcecode.swift; path = "image+.swift"; sourceTree = "<group>"; };
		B5D204632D9EABFB00527343 /* MarkdownColors.swift */ = {isa = PBXFileReference; lastKnownFileType = sourcecode.swift; path = MarkdownColors.swift; sourceTree = "<group>"; };
		B5D204652D9EABFB00527343 /* CloudKitManager.swift */ = {isa = PBXFileReference; lastKnownFileType = sourcecode.swift; path = CloudKitManager.swift; sourceTree = "<group>"; };
		B5D204662D9EABFB00527343 /* OpenChatManager.swift */ = {isa = PBXFileReference; lastKnownFileType = sourcecode.swift; path = OpenChatManager.swift; sourceTree = "<group>"; };
		B5D204672D9EABFB00527343 /* StoreKitManager.swift */ = {isa = PBXFileReference; lastKnownFileType = sourcecode.swift; path = StoreKitManager.swift; sourceTree = "<group>"; };
		B5D204682D9EABFB00527343 /* PushServerCloudKit.swift */ = {isa = PBXFileReference; lastKnownFileType = sourcecode.swift; path = PushServerCloudKit.swift; sourceTree = "<group>"; };
		B5D204692D9EABFB00527343 /* AudioManager.swift */ = {isa = PBXFileReference; lastKnownFileType = sourcecode.swift; path = AudioManager.swift; sourceTree = "<group>"; };
		B5D2046A2D9EABFB00527343 /* PushbackManager.swift */ = {isa = PBXFileReference; lastKnownFileType = sourcecode.swift; path = PushbackManager.swift; sourceTree = "<group>"; };
		B5D2046B2D9EABFB00527343 /* RealmManager.swift */ = {isa = PBXFileReference; lastKnownFileType = sourcecode.swift; path = RealmManager.swift; sourceTree = "<group>"; };
		B5D2046D2D9EABFB00527343 /* cryptoManager.swift */ = {isa = PBXFileReference; lastKnownFileType = sourcecode.swift; path = cryptoManager.swift; sourceTree = "<group>"; };
		B5D2046E2D9EABFB00527343 /* ImageManager.swift */ = {isa = PBXFileReference; lastKnownFileType = sourcecode.swift; path = ImageManager.swift; sourceTree = "<group>"; };
		B5D2046F2D9EABFB00527343 /* NetworkManager.swift */ = {isa = PBXFileReference; lastKnownFileType = sourcecode.swift; path = NetworkManager.swift; sourceTree = "<group>"; };
		B5D204712D9EABFB00527343 /* PushParams.swift */ = {isa = PBXFileReference; lastKnownFileType = sourcecode.swift; path = PushParams.swift; sourceTree = "<group>"; };
		B5D204722D9EABFB00527343 /* Clipboard.swift */ = {isa = PBXFileReference; lastKnownFileType = sourcecode.swift; path = Clipboard.swift; sourceTree = "<group>"; };
		B5D204732D9EABFB00527343 /* LocalKeys.swift */ = {isa = PBXFileReference; lastKnownFileType = sourcecode.swift; path = LocalKeys.swift; sourceTree = "<group>"; };
		B5D204742D9EABFB00527343 /* BaseConfig.swift */ = {isa = PBXFileReference; lastKnownFileType = sourcecode.swift; path = BaseConfig.swift; sourceTree = "<group>"; };
		B5D204752D9EABFB00527343 /* RealmConfig.swift */ = {isa = PBXFileReference; lastKnownFileType = sourcecode.swift; path = RealmConfig.swift; sourceTree = "<group>"; };
		B5D2059D2D9EAEFE00527343 /* NotificationServiceExtension.appex */ = {isa = PBXFileReference; explicitFileType = "wrapper.app-extension"; includeInIndex = 0; path = NotificationServiceExtension.appex; sourceTree = BUILT_PRODUCTS_DIR; };
		B5D205AE2D9EAF1500527343 /* NotificationContentExtension.appex */ = {isa = PBXFileReference; explicitFileType = "wrapper.app-extension"; includeInIndex = 0; path = NotificationContentExtension.appex; sourceTree = BUILT_PRODUCTS_DIR; };
		B5D205B02D9EAF1500527343 /* UserNotifications.framework */ = {isa = PBXFileReference; lastKnownFileType = wrapper.framework; name = UserNotifications.framework; path = System/Library/Frameworks/UserNotifications.framework; sourceTree = SDKROOT; };
		B5D205B22D9EAF1500527343 /* UserNotificationsUI.framework */ = {isa = PBXFileReference; lastKnownFileType = wrapper.framework; name = UserNotificationsUI.framework; path = System/Library/Frameworks/UserNotificationsUI.framework; sourceTree = SDKROOT; };
		B5D205C62D9EAF3600527343 /* NotificationMarkdownExtension.appex */ = {isa = PBXFileReference; explicitFileType = "wrapper.app-extension"; includeInIndex = 0; path = NotificationMarkdownExtension.appex; sourceTree = BUILT_PRODUCTS_DIR; };
		B5D205DB2D9EAF4500527343 /* ShareExtension.appex */ = {isa = PBXFileReference; explicitFileType = "wrapper.app-extension"; includeInIndex = 0; path = ShareExtension.appex; sourceTree = BUILT_PRODUCTS_DIR; };
		B5D2062D2D9EB85E00527343 /* StoreKit.framework */ = {isa = PBXFileReference; lastKnownFileType = wrapper.framework; name = StoreKit.framework; path = System/Library/Frameworks/StoreKit.framework; sourceTree = SDKROOT; };
		B5D2064F2D9EC74900527343 /* WebKit.framework */ = {isa = PBXFileReference; lastKnownFileType = wrapper.framework; name = WebKit.framework; path = System/Library/Frameworks/WebKit.framework; sourceTree = SDKROOT; };
/* End PBXFileReference section */

/* Begin PBXFileSystemSynchronizedBuildFileExceptionSet section */
		B53934482DA91A18001B9336 /* Exceptions for "pushback" folder in "NotificationContentExtension" target */ = {
			isa = PBXFileSystemSynchronizedBuildFileExceptionSet;
			membershipExceptions = (
				Localizable.xcstrings,
			);
			target = B5D205AD2D9EAF1500527343 /* NotificationContentExtension */;
		};
		B53934492DA91A18001B9336 /* Exceptions for "pushback" folder in "NotificationMarkdownExtension" target */ = {
			isa = PBXFileSystemSynchronizedBuildFileExceptionSet;
			membershipExceptions = (
				Localizable.xcstrings,
			);
			target = B5D205C52D9EAF3600527343 /* NotificationMarkdownExtension */;
		};
		B5D205A52D9EAEFE00527343 /* Exceptions for "NotificationServiceExtension" folder in "NotificationServiceExtension" target */ = {
			isa = PBXFileSystemSynchronizedBuildFileExceptionSet;
			membershipExceptions = (
				Info.plist,
			);
			target = B5D2059C2D9EAEFE00527343 /* NotificationServiceExtension */;
		};
		B5D205BE2D9EAF1500527343 /* Exceptions for "NotificationContentExtension" folder in "NotificationContentExtension" target */ = {
			isa = PBXFileSystemSynchronizedBuildFileExceptionSet;
			membershipExceptions = (
				Info.plist,
			);
			target = B5D205AD2D9EAF1500527343 /* NotificationContentExtension */;
		};
		B5D205D32D9EAF3600527343 /* Exceptions for "NotificationMarkdownExtension" folder in "NotificationMarkdownExtension" target */ = {
			isa = PBXFileSystemSynchronizedBuildFileExceptionSet;
			membershipExceptions = (
				Info.plist,
			);
			target = B5D205C52D9EAF3600527343 /* NotificationMarkdownExtension */;
		};
		B5D205E62D9EAF4500527343 /* Exceptions for "ShareExtension" folder in "ShareExtension" target */ = {
			isa = PBXFileSystemSynchronizedBuildFileExceptionSet;
			membershipExceptions = (
				Info.plist,
			);
			target = B5D205DA2D9EAF4500527343 /* ShareExtension */;
		};
		B5D205EE2D9EAFAD00527343 /* Exceptions for "pushback" folder in "ShareExtension" target */ = {
			isa = PBXFileSystemSynchronizedBuildFileExceptionSet;
			membershipExceptions = (
				Localizable.xcstrings,
				Pages/OtherViews/AngularButton.swift,
			);
			target = B5D205DA2D9EAF4500527343 /* ShareExtension */;
		};
		B5D2061F2D9EB51700527343 /* Exceptions for "pushback" folder in "pushback" target */ = {
			isa = PBXFileSystemSynchronizedBuildFileExceptionSet;
			membershipExceptions = (
				Info.plist,
			);
			target = B5D204242D9EABA300527343 /* pushback */;
		};
		B5D206662D9ECF6800527343 /* Exceptions for "pushback" folder in "NotificationServiceExtension" target */ = {
			isa = PBXFileSystemSynchronizedBuildFileExceptionSet;
			membershipExceptions = (
				Assets.xcassets,
				Localizable.xcstrings,
			);
			target = B5D2059C2D9EAEFE00527343 /* NotificationServiceExtension */;
		};
/* End PBXFileSystemSynchronizedBuildFileExceptionSet section */

/* Begin PBXFileSystemSynchronizedRootGroup section */
		B5D204272D9EABA300527343 /* pushback */ = {
			isa = PBXFileSystemSynchronizedRootGroup;
			exceptions = (
				B5D2061F2D9EB51700527343 /* Exceptions for "pushback" folder in "pushback" target */,
				B5D206662D9ECF6800527343 /* Exceptions for "pushback" folder in "NotificationServiceExtension" target */,
				B53934482DA91A18001B9336 /* Exceptions for "pushback" folder in "NotificationContentExtension" target */,
				B53934492DA91A18001B9336 /* Exceptions for "pushback" folder in "NotificationMarkdownExtension" target */,
				B5D205EE2D9EAFAD00527343 /* Exceptions for "pushback" folder in "ShareExtension" target */,
			);
			path = pushback;
			sourceTree = "<group>";
		};
		B5D2059E2D9EAEFE00527343 /* NotificationServiceExtension */ = {
			isa = PBXFileSystemSynchronizedRootGroup;
			exceptions = (
				B5D205A52D9EAEFE00527343 /* Exceptions for "NotificationServiceExtension" folder in "NotificationServiceExtension" target */,
			);
			path = NotificationServiceExtension;
			sourceTree = "<group>";
		};
		B5D205B42D9EAF1500527343 /* NotificationContentExtension */ = {
			isa = PBXFileSystemSynchronizedRootGroup;
			exceptions = (
				B5D205BE2D9EAF1500527343 /* Exceptions for "NotificationContentExtension" folder in "NotificationContentExtension" target */,
			);
			path = NotificationContentExtension;
			sourceTree = "<group>";
		};
		B5D205C92D9EAF3600527343 /* NotificationMarkdownExtension */ = {
			isa = PBXFileSystemSynchronizedRootGroup;
			exceptions = (
				B5D205D32D9EAF3600527343 /* Exceptions for "NotificationMarkdownExtension" folder in "NotificationMarkdownExtension" target */,
			);
			path = NotificationMarkdownExtension;
			sourceTree = "<group>";
		};
		B5D205DC2D9EAF4500527343 /* ShareExtension */ = {
			isa = PBXFileSystemSynchronizedRootGroup;
			exceptions = (
				B5D205E62D9EAF4500527343 /* Exceptions for "ShareExtension" folder in "ShareExtension" target */,
			);
			path = ShareExtension;
			sourceTree = "<group>";
		};
/* End PBXFileSystemSynchronizedRootGroup section */

/* Begin PBXFrameworksBuildPhase section */
		B5D204222D9EABA300527343 /* Frameworks */ = {
			isa = PBXFrameworksBuildPhase;
			buildActionMask = 2147483647;
			files = (
				B5D2058D2D9EAE8A00527343 /* RealmSwift in Frameworks */,
				B5D205902D9EAEA800527343 /* Splash in Frameworks */,
				B5D2057F2D9EAE2C00527343 /* Kingfisher in Frameworks */,
				B5D2062E2D9EB85F00527343 /* StoreKit.framework in Frameworks */,
				B5D205932D9EAEBE00527343 /* cmark-gfm in Frameworks */,
				B5D205852D9EAE5500527343 /* CrashReporter in Frameworks */,
				B5D205982D9EAED900527343 /* SwiftyJSON in Frameworks */,
				B5D2057C2D9EAE1C00527343 /* Defaults in Frameworks */,
				B5D205822D9EAE3F00527343 /* OpenAI in Frameworks */,
				B5D205882D9EAE6A00527343 /* QRScanner in Frameworks */,
				B5D205792D9EAE0400527343 /* MarkdownUI in Frameworks */,
				B5D205952D9EAEBE00527343 /* cmark-gfm-extensions in Frameworks */,
			);
			runOnlyForDeploymentPostprocessing = 0;
		};
		B5D2059A2D9EAEFE00527343 /* Frameworks */ = {
			isa = PBXFrameworksBuildPhase;
			buildActionMask = 2147483647;
			files = (
				B5D206252D9EB78600527343 /* RealmSwift in Frameworks */,
				B5D206232D9EB78600527343 /* Kingfisher in Frameworks */,
				B5D206212D9EB78600527343 /* Defaults in Frameworks */,
				B5D206292D9EB78600527343 /* SwiftyJSON in Frameworks */,
				B5D206092D9EB13700527343 /* cmark-gfm in Frameworks */,
			);
			runOnlyForDeploymentPostprocessing = 0;
		};
		B5D205AB2D9EAF1500527343 /* Frameworks */ = {
			isa = PBXFrameworksBuildPhase;
			buildActionMask = 2147483647;
			files = (
				B5D2060E2D9EB36100527343 /* Kingfisher in Frameworks */,
				B5D2060C2D9EB2BC00527343 /* Defaults in Frameworks */,
				B5D205B32D9EAF1500527343 /* UserNotificationsUI.framework in Frameworks */,
				B5D205B12D9EAF1500527343 /* UserNotifications.framework in Frameworks */,
			);
			runOnlyForDeploymentPostprocessing = 0;
		};
		B5D205C32D9EAF3600527343 /* Frameworks */ = {
			isa = PBXFrameworksBuildPhase;
			buildActionMask = 2147483647;
			files = (
				B5D206502D9EC74900527343 /* WebKit.framework in Frameworks */,
				B5D206172D9EB3FA00527343 /* cmark-gfm in Frameworks */,
				B5D205C82D9EAF3600527343 /* UserNotificationsUI.framework in Frameworks */,
				B5D206192D9EB3FA00527343 /* cmark-gfm-extensions in Frameworks */,
				B5D205C72D9EAF3600527343 /* UserNotifications.framework in Frameworks */,
			);
			runOnlyForDeploymentPostprocessing = 0;
		};
		B5D205D82D9EAF4500527343 /* Frameworks */ = {
			isa = PBXFrameworksBuildPhase;
			buildActionMask = 2147483647;
			files = (
				B5D2063C2D9EBAFE00527343 /* Defaults in Frameworks */,
				B5D2062B2D9EB7BD00527343 /* Kingfisher in Frameworks */,
			);
			runOnlyForDeploymentPostprocessing = 0;
		};
/* End PBXFrameworksBuildPhase section */

/* Begin PBXGroup section */
		B5D2041C2D9EABA300527343 = {
			isa = PBXGroup;
			children = (
				B5D204362D9EABFB00527343 /* Model */,
				B5D2044A2D9EABFB00527343 /* Helpers */,
				B5D2045D2D9EABFB00527343 /* Sounds */,
				B5D204642D9EABFB00527343 /* Extensions */,
				B5D204702D9EABFB00527343 /* Managers */,
				B5D204762D9EABFB00527343 /* Publics */,
				B5D204272D9EABA300527343 /* pushback */,
				B5D2059E2D9EAEFE00527343 /* NotificationServiceExtension */,
				B5D205B42D9EAF1500527343 /* NotificationContentExtension */,
				B5D205C92D9EAF3600527343 /* NotificationMarkdownExtension */,
				B5D205DC2D9EAF4500527343 /* ShareExtension */,
				B5D205AF2D9EAF1500527343 /* Frameworks */,
				B5D204262D9EABA300527343 /* Products */,
			);
			sourceTree = "<group>";
		};
		B5D204262D9EABA300527343 /* Products */ = {
			isa = PBXGroup;
			children = (
				B5D204252D9EABA300527343 /* pushback.app */,
				B5D2059D2D9EAEFE00527343 /* NotificationServiceExtension.appex */,
				B5D205AE2D9EAF1500527343 /* NotificationContentExtension.appex */,
				B5D205C62D9EAF3600527343 /* NotificationMarkdownExtension.appex */,
				B5D205DB2D9EAF4500527343 /* ShareExtension.appex */,
			);
			name = Products;
			sourceTree = "<group>";
		};
		B5D204362D9EABFB00527343 /* Model */ = {
			isa = PBXGroup;
			children = (
				B5D204332D9EABFB00527343 /* ChatMessageModel.swift */,
				B5D204342D9EABFB00527343 /* MessageModel.swift */,
				B5D204352D9EABFB00527343 /* OtherModel.swift */,
			);
			path = Model;
			sourceTree = "<group>";
		};
		B5D2044A2D9EABFB00527343 /* Helpers */ = {
			isa = PBXGroup;
			children = (
				B53934542DA92578001B9336 /* PopOutView.swift */,
				B5D204372D9EABFB00527343 /* CustomAlertDrawer.swift */,
				B5D204382D9EABFB00527343 /* TrayHelper.swift */,
				B5D204392D9EABFB00527343 /* StaggeredView.swift */,
				B5D2043A2D9EABFB00527343 /* WaveformScrubber.swift */,
				B5D2043B2D9EABFB00527343 /* Spinner.swift */,
				B5D2043C2D9EABFB00527343 /* AnimatedButton.swift */,
				B5D2043D2D9EABFB00527343 /* ImageViewer.swift */,
				B5D2043E2D9EABFB00527343 /* TagLayout.swift */,
				B5D2043F2D9EABFB00527343 /* TagField.swift */,
				B5D204402D9EABFB00527343 /* PopView.swift */,
				B5D204412D9EABFB00527343 /* DisintegrationEffect.swift */,
				B5D204422D9EABFB00527343 /* HeroEffect.swift */,
				B5D204432D9EABFB00527343 /* FullSwipeNavigationStack.swift */,
				B5D204442D9EABFB00527343 /* ParallaxImageView.swift */,
				B5D204452D9EABFB00527343 /* TabStateScrollView.swift */,
				B5D204462D9EABFB00527343 /* Snapshot.swift */,
				B5D204472D9EABFB00527343 /* ParticleEffect.swift */,
				B5D204482D9EABFB00527343 /* HackerTextView.swift */,
				B5D204492D9EABFB00527343 /* AnimatedSideBar.swift */,
			);
			path = Helpers;
			sourceTree = "<group>";
		};
		B5D2045D2D9EABFB00527343 /* Sounds */ = {
			isa = PBXGroup;
			children = (
				B5D2044B2D9EABFB00527343 /* call.caf */,
				B5D2044C2D9EABFB00527343 /* gold.caf */,
				B5D2044D2D9EABFB00527343 /* alarm.caf */,
				B5D2044E2D9EABFB00527343 /* aurora.caf */,
				B5D2044F2D9EABFB00527343 /* bamboo.caf */,
				B5D204502D9EABFB00527343 /* complete.caf */,
				B5D204512D9EABFB00527343 /* craft.caf */,
				B5D204522D9EABFB00527343 /* health.caf */,
				B5D204532D9EABFB00527343 /* hello.caf */,
				B5D204542D9EABFB00527343 /* multiway.caf */,
				B5D204552D9EABFB00527343 /* popcorn.caf */,
				B5D204562D9EABFB00527343 /* shake.caf */,
				B5D204572D9EABFB00527343 /* silence.caf */,
				B5D204582D9EABFB00527343 /* success.caf */,
				B5D204592D9EABFB00527343 /* trill.caf */,
				B5D2045A2D9EABFB00527343 /* tritone.caf */,
				B5D2045B2D9EABFB00527343 /* typewriter.caf */,
				B5D2045C2D9EABFB00527343 /* xiu.caf */,
			);
			path = Sounds;
			sourceTree = "<group>";
		};
		B5D204642D9EABFB00527343 /* Extensions */ = {
			isa = PBXGroup;
			children = (
				B5D2045E2D9EABFB00527343 /* Navigation+Extension.swift */,
				B5D2045F2D9EABFB00527343 /* Splash+.swift */,
				B5D204602D9EABFB00527343 /* Extension+.swift */,
				B5D204612D9EABFB00527343 /* View+.swift */,
				B5D204622D9EABFB00527343 /* image+.swift */,
				B5D204632D9EABFB00527343 /* MarkdownColors.swift */,
			);
			path = Extensions;
			sourceTree = "<group>";
		};
		B5D204702D9EABFB00527343 /* Managers */ = {
			isa = PBXGroup;
			children = (
				B5D204652D9EABFB00527343 /* CloudKitManager.swift */,
				B5D204662D9EABFB00527343 /* OpenChatManager.swift */,
				B5D204672D9EABFB00527343 /* StoreKitManager.swift */,
				B5D204682D9EABFB00527343 /* PushServerCloudKit.swift */,
				B5D204692D9EABFB00527343 /* AudioManager.swift */,
				B5D2046A2D9EABFB00527343 /* PushbackManager.swift */,
				B5D2046B2D9EABFB00527343 /* RealmManager.swift */,
				B5D2046D2D9EABFB00527343 /* cryptoManager.swift */,
				B5D2046E2D9EABFB00527343 /* ImageManager.swift */,
				B5D2046F2D9EABFB00527343 /* NetworkManager.swift */,
			);
			path = Managers;
			sourceTree = "<group>";
		};
		B5D204762D9EABFB00527343 /* Publics */ = {
			isa = PBXGroup;
			children = (
				B5D204712D9EABFB00527343 /* PushParams.swift */,
				B5D204722D9EABFB00527343 /* Clipboard.swift */,
				B5D204732D9EABFB00527343 /* LocalKeys.swift */,
				B5D204742D9EABFB00527343 /* BaseConfig.swift */,
				B5D204752D9EABFB00527343 /* RealmConfig.swift */,
			);
			path = Publics;
			sourceTree = "<group>";
		};
		B5D205AF2D9EAF1500527343 /* Frameworks */ = {
			isa = PBXGroup;
			children = (
				B5D2064F2D9EC74900527343 /* WebKit.framework */,
				B5D2062D2D9EB85E00527343 /* StoreKit.framework */,
				B5D205B02D9EAF1500527343 /* UserNotifications.framework */,
				B5D205B22D9EAF1500527343 /* UserNotificationsUI.framework */,
			);
			name = Frameworks;
			sourceTree = "<group>";
		};
/* End PBXGroup section */

/* Begin PBXNativeTarget section */
		B5D204242D9EABA300527343 /* pushback */ = {
			isa = PBXNativeTarget;
			buildConfigurationList = B5D204302D9EABA600527343 /* Build configuration list for PBXNativeTarget "pushback" */;
			buildPhases = (
				B5D204212D9EABA300527343 /* Sources */,
				B5D204222D9EABA300527343 /* Frameworks */,
				B5D204232D9EABA300527343 /* Resources */,
				B5D205A92D9EAEFE00527343 /* Embed Foundation Extensions */,
				B5D2064B2D9EBFA800527343 /* Embed Frameworks */,
			);
			buildRules = (
			);
			dependencies = (
				B5D205A32D9EAEFE00527343 /* PBXTargetDependency */,
				B5D205BC2D9EAF1500527343 /* PBXTargetDependency */,
				B5D205D12D9EAF3600527343 /* PBXTargetDependency */,
				B5D205E42D9EAF4500527343 /* PBXTargetDependency */,
			);
			fileSystemSynchronizedGroups = (
				B5D204272D9EABA300527343 /* pushback */,
			);
			name = pushback;
			packageProductDependencies = (
				B5D205782D9EAE0400527343 /* MarkdownUI */,
				B5D2057B2D9EAE1C00527343 /* Defaults */,
				B5D2057E2D9EAE2C00527343 /* Kingfisher */,
				B5D205812D9EAE3F00527343 /* OpenAI */,
				B5D205842D9EAE5500527343 /* CrashReporter */,
				B5D205872D9EAE6A00527343 /* QRScanner */,
				B5D2058C2D9EAE8A00527343 /* RealmSwift */,
				B5D2058F2D9EAEA800527343 /* Splash */,
				B5D205922D9EAEBE00527343 /* cmark-gfm */,
				B5D205942D9EAEBE00527343 /* cmark-gfm-extensions */,
				B5D205972D9EAED900527343 /* SwiftyJSON */,
			);
			productName = pushback;
			productReference = B5D204252D9EABA300527343 /* pushback.app */;
			productType = "com.apple.product-type.application";
		};
		B5D2059C2D9EAEFE00527343 /* NotificationServiceExtension */ = {
			isa = PBXNativeTarget;
			buildConfigurationList = B5D205A62D9EAEFE00527343 /* Build configuration list for PBXNativeTarget "NotificationServiceExtension" */;
			buildPhases = (
				B5D205992D9EAEFE00527343 /* Sources */,
				B5D2059A2D9EAEFE00527343 /* Frameworks */,
				B5D2059B2D9EAEFE00527343 /* Resources */,
				B5D206262D9EB78600527343 /* Embed Frameworks */,
			);
			buildRules = (
			);
			dependencies = (
			);
			fileSystemSynchronizedGroups = (
				B5D2059E2D9EAEFE00527343 /* NotificationServiceExtension */,
			);
			name = NotificationServiceExtension;
			packageProductDependencies = (
				B5D206082D9EB13700527343 /* cmark-gfm */,
				B5D206202D9EB78600527343 /* Defaults */,
				B5D206222D9EB78600527343 /* Kingfisher */,
				B5D206242D9EB78600527343 /* RealmSwift */,
				B5D206282D9EB78600527343 /* SwiftyJSON */,
			);
			productName = NotificationServiceExtension;
			productReference = B5D2059D2D9EAEFE00527343 /* NotificationServiceExtension.appex */;
			productType = "com.apple.product-type.app-extension";
		};
		B5D205AD2D9EAF1500527343 /* NotificationContentExtension */ = {
			isa = PBXNativeTarget;
			buildConfigurationList = B5D205BF2D9EAF1500527343 /* Build configuration list for PBXNativeTarget "NotificationContentExtension" */;
			buildPhases = (
				B5D205AA2D9EAF1500527343 /* Sources */,
				B5D205AB2D9EAF1500527343 /* Frameworks */,
				B5D205AC2D9EAF1500527343 /* Resources */,
			);
			buildRules = (
			);
			dependencies = (
			);
			fileSystemSynchronizedGroups = (
				B5D205B42D9EAF1500527343 /* NotificationContentExtension */,
			);
			name = NotificationContentExtension;
			packageProductDependencies = (
				B5D2060B2D9EB2BC00527343 /* Defaults */,
				B5D2060D2D9EB36100527343 /* Kingfisher */,
			);
			productName = NotificationContentExtension;
			productReference = B5D205AE2D9EAF1500527343 /* NotificationContentExtension.appex */;
			productType = "com.apple.product-type.app-extension";
		};
		B5D205C52D9EAF3600527343 /* NotificationMarkdownExtension */ = {
			isa = PBXNativeTarget;
			buildConfigurationList = B5D205D42D9EAF3600527343 /* Build configuration list for PBXNativeTarget "NotificationMarkdownExtension" */;
			buildPhases = (
				B5D205C22D9EAF3600527343 /* Sources */,
				B5D205C32D9EAF3600527343 /* Frameworks */,
				B5D205C42D9EAF3600527343 /* Resources */,
			);
			buildRules = (
			);
			dependencies = (
			);
			fileSystemSynchronizedGroups = (
				B5D205C92D9EAF3600527343 /* NotificationMarkdownExtension */,
			);
			name = NotificationMarkdownExtension;
			packageProductDependencies = (
				B5D206162D9EB3FA00527343 /* cmark-gfm */,
				B5D206182D9EB3FA00527343 /* cmark-gfm-extensions */,
			);
			productName = NotificationMarkdownExtension;
			productReference = B5D205C62D9EAF3600527343 /* NotificationMarkdownExtension.appex */;
			productType = "com.apple.product-type.app-extension";
		};
		B5D205DA2D9EAF4500527343 /* ShareExtension */ = {
			isa = PBXNativeTarget;
			buildConfigurationList = B5D205E72D9EAF4500527343 /* Build configuration list for PBXNativeTarget "ShareExtension" */;
			buildPhases = (
				B5D205D72D9EAF4500527343 /* Sources */,
				B5D205D82D9EAF4500527343 /* Frameworks */,
				B5D205D92D9EAF4500527343 /* Resources */,
			);
			buildRules = (
			);
			dependencies = (
			);
			fileSystemSynchronizedGroups = (
				B5D205DC2D9EAF4500527343 /* ShareExtension */,
			);
			name = ShareExtension;
			packageProductDependencies = (
				B5D2062A2D9EB7BD00527343 /* Kingfisher */,
				B5D2063B2D9EBAFE00527343 /* Defaults */,
			);
			productName = ShareExtension;
			productReference = B5D205DB2D9EAF4500527343 /* ShareExtension.appex */;
			productType = "com.apple.product-type.app-extension";
		};
/* End PBXNativeTarget section */

/* Begin PBXProject section */
		B5D2041D2D9EABA300527343 /* Project object */ = {
			isa = PBXProject;
			attributes = {
				BuildIndependentTargetsInParallel = 1;
				LastSwiftUpdateCheck = 1630;
				LastUpgradeCheck = 1630;
				TargetAttributes = {
					B5D204242D9EABA300527343 = {
						CreatedOnToolsVersion = 16.3;
					};
					B5D2059C2D9EAEFE00527343 = {
						CreatedOnToolsVersion = 16.3;
					};
					B5D205AD2D9EAF1500527343 = {
						CreatedOnToolsVersion = 16.3;
					};
					B5D205C52D9EAF3600527343 = {
						CreatedOnToolsVersion = 16.3;
					};
					B5D205DA2D9EAF4500527343 = {
						CreatedOnToolsVersion = 16.3;
					};
				};
			};
			buildConfigurationList = B5D204202D9EABA300527343 /* Build configuration list for PBXProject "pushback" */;
			developmentRegion = en;
			hasScannedForEncodings = 0;
			knownRegions = (
				en,
				Base,
				"zh-Hans",
				ja,
				ko,
			);
			mainGroup = B5D2041C2D9EABA300527343;
			minimizedProjectReferenceProxies = 1;
			packageReferences = (
				B5D205772D9EAE0400527343 /* XCRemoteSwiftPackageReference "swift-markdown-ui" */,
				B5D2057A2D9EAE1C00527343 /* XCRemoteSwiftPackageReference "Defaults" */,
				B5D2057D2D9EAE2C00527343 /* XCRemoteSwiftPackageReference "Kingfisher" */,
				B5D205802D9EAE3F00527343 /* XCRemoteSwiftPackageReference "OpenAI" */,
				B5D205832D9EAE5500527343 /* XCRemoteSwiftPackageReference "plcrashreporter" */,
				B5D205862D9EAE6A00527343 /* XCRemoteSwiftPackageReference "QRScanner" */,
				B5D205892D9EAE8A00527343 /* XCRemoteSwiftPackageReference "realm-swift" */,
				B5D2058E2D9EAEA800527343 /* XCRemoteSwiftPackageReference "Splash" */,
				B5D205912D9EAEBE00527343 /* XCRemoteSwiftPackageReference "swift-cmark" */,
				B5D205962D9EAED900527343 /* XCRemoteSwiftPackageReference "SwiftyJSON" */,
			);
			preferredProjectObjectVersion = 77;
			productRefGroup = B5D204262D9EABA300527343 /* Products */;
			projectDirPath = "";
			projectRoot = "";
			targets = (
				B5D204242D9EABA300527343 /* pushback */,
				B5D2059C2D9EAEFE00527343 /* NotificationServiceExtension */,
				B5D205AD2D9EAF1500527343 /* NotificationContentExtension */,
				B5D205C52D9EAF3600527343 /* NotificationMarkdownExtension */,
				B5D205DA2D9EAF4500527343 /* ShareExtension */,
			);
		};
/* End PBXProject section */

/* Begin PBXResourcesBuildPhase section */
		B5D204232D9EABA300527343 /* Resources */ = {
			isa = PBXResourcesBuildPhase;
			buildActionMask = 2147483647;
			files = (
				B5D204772D9EABFB00527343 /* call.caf in Resources */,
				B5D204782D9EABFB00527343 /* tritone.caf in Resources */,
				B5D204792D9EABFB00527343 /* hello.caf in Resources */,
				B5D2047A2D9EABFB00527343 /* multiway.caf in Resources */,
				B5D2047B2D9EABFB00527343 /* silence.caf in Resources */,
				B5D2047C2D9EABFB00527343 /* xiu.caf in Resources */,
				B5D2047D2D9EABFB00527343 /* complete.caf in Resources */,
				B5D2047E2D9EABFB00527343 /* gold.caf in Resources */,
				B5D2047F2D9EABFB00527343 /* alarm.caf in Resources */,
				B5D204802D9EABFB00527343 /* craft.caf in Resources */,
				B5D204812D9EABFB00527343 /* health.caf in Resources */,
				B5D204822D9EABFB00527343 /* shake.caf in Resources */,
				B5D204832D9EABFB00527343 /* typewriter.caf in Resources */,
				B5D204842D9EABFB00527343 /* trill.caf in Resources */,
				B5D204852D9EABFB00527343 /* aurora.caf in Resources */,
				B5D204862D9EABFB00527343 /* success.caf in Resources */,
				B5D204872D9EABFB00527343 /* bamboo.caf in Resources */,
				B5D204882D9EABFB00527343 /* popcorn.caf in Resources */,
			);
			runOnlyForDeploymentPostprocessing = 0;
		};
		B5D2059B2D9EAEFE00527343 /* Resources */ = {
			isa = PBXResourcesBuildPhase;
			buildActionMask = 2147483647;
			files = (
				B5D206522D9ECF5200527343 /* call.caf in Resources */,
				B5D206532D9ECF5200527343 /* gold.caf in Resources */,
				B5D206542D9ECF5200527343 /* alarm.caf in Resources */,
				B5D206552D9ECF5200527343 /* aurora.caf in Resources */,
				B5D206562D9ECF5200527343 /* bamboo.caf in Resources */,
				B5D206572D9ECF5200527343 /* complete.caf in Resources */,
				B5D206582D9ECF5200527343 /* craft.caf in Resources */,
				B5D206592D9ECF5200527343 /* health.caf in Resources */,
				B5D2065A2D9ECF5200527343 /* hello.caf in Resources */,
				B5D2065B2D9ECF5200527343 /* multiway.caf in Resources */,
				B5D2065C2D9ECF5200527343 /* popcorn.caf in Resources */,
				B5D2065D2D9ECF5200527343 /* shake.caf in Resources */,
				B5D2065E2D9ECF5200527343 /* silence.caf in Resources */,
				B5D2065F2D9ECF5200527343 /* success.caf in Resources */,
				B5D206602D9ECF5200527343 /* trill.caf in Resources */,
				B5D206612D9ECF5200527343 /* tritone.caf in Resources */,
				B5D206622D9ECF5200527343 /* typewriter.caf in Resources */,
				B5D206632D9ECF5200527343 /* xiu.caf in Resources */,
			);
			runOnlyForDeploymentPostprocessing = 0;
		};
		B5D205AC2D9EAF1500527343 /* Resources */ = {
			isa = PBXResourcesBuildPhase;
			buildActionMask = 2147483647;
			files = (
			);
			runOnlyForDeploymentPostprocessing = 0;
		};
		B5D205C42D9EAF3600527343 /* Resources */ = {
			isa = PBXResourcesBuildPhase;
			buildActionMask = 2147483647;
			files = (
			);
			runOnlyForDeploymentPostprocessing = 0;
		};
		B5D205D92D9EAF4500527343 /* Resources */ = {
			isa = PBXResourcesBuildPhase;
			buildActionMask = 2147483647;
			files = (
			);
			runOnlyForDeploymentPostprocessing = 0;
		};
/* End PBXResourcesBuildPhase section */

/* Begin PBXSourcesBuildPhase section */
		B5D204212D9EABA300527343 /* Sources */ = {
			isa = PBXSourcesBuildPhase;
			buildActionMask = 2147483647;
			files = (
				B5D204892D9EABFB00527343 /* Snapshot.swift in Sources */,
				B5D2048A2D9EABFB00527343 /* NetworkManager.swift in Sources */,
				B5D2048B2D9EABFB00527343 /* RealmManager.swift in Sources */,
				B5D2048C2D9EABFB00527343 /* ImageManager.swift in Sources */,
				B5D2048D2D9EABFB00527343 /* HackerTextView.swift in Sources */,
				B5D2048E2D9EABFB00527343 /* MarkdownColors.swift in Sources */,
				B5D2048F2D9EABFB00527343 /* CustomAlertDrawer.swift in Sources */,
				B5D204902D9EABFB00527343 /* AnimatedSideBar.swift in Sources */,
				B5D204912D9EABFB00527343 /* DisintegrationEffect.swift in Sources */,
				B5D204922D9EABFB00527343 /* Spinner.swift in Sources */,
				B5D204932D9EABFB00527343 /* OpenChatManager.swift in Sources */,
				B5D204942D9EABFB00527343 /* StaggeredView.swift in Sources */,
				B5D204952D9EABFB00527343 /* MessageModel.swift in Sources */,
				B5D204972D9EABFB00527343 /* ImageViewer.swift in Sources */,
				B5D204982D9EABFB00527343 /* AnimatedButton.swift in Sources */,
				B5D204992D9EABFB00527343 /* PushbackManager.swift in Sources */,
				B5D2049A2D9EABFB00527343 /* PushParams.swift in Sources */,
				B53934552DA92578001B9336 /* PopOutView.swift in Sources */,
				B5D2049B2D9EABFB00527343 /* LocalKeys.swift in Sources */,
				B5D2049C2D9EABFB00527343 /* ChatMessageModel.swift in Sources */,
				B5D2049D2D9EABFB00527343 /* View+.swift in Sources */,
				B5D2049E2D9EABFB00527343 /* cryptoManager.swift in Sources */,
				B5D2049F2D9EABFB00527343 /* BaseConfig.swift in Sources */,
				B5D204A02D9EABFB00527343 /* Navigation+Extension.swift in Sources */,
				B5D204A12D9EABFB00527343 /* image+.swift in Sources */,
				B5D204A22D9EABFB00527343 /* TrayHelper.swift in Sources */,
				B5D204A32D9EABFB00527343 /* StoreKitManager.swift in Sources */,
				B5D204A42D9EABFB00527343 /* RealmConfig.swift in Sources */,
				B5D204A52D9EABFB00527343 /* Extension+.swift in Sources */,
				B5D204A62D9EABFB00527343 /* OtherModel.swift in Sources */,
				B5D204A72D9EABFB00527343 /* Splash+.swift in Sources */,
				B5D204A82D9EABFB00527343 /* TagField.swift in Sources */,
				B5D204A92D9EABFB00527343 /* WaveformScrubber.swift in Sources */,
				B5D204AA2D9EABFB00527343 /* CloudKitManager.swift in Sources */,
				B5D204AB2D9EABFB00527343 /* HeroEffect.swift in Sources */,
				B5D204AC2D9EABFB00527343 /* AudioManager.swift in Sources */,
				B5D204AD2D9EABFB00527343 /* Clipboard.swift in Sources */,
				B5D204AE2D9EABFB00527343 /* ParallaxImageView.swift in Sources */,
				B5D204AF2D9EABFB00527343 /* ParticleEffect.swift in Sources */,
				B5D204B02D9EABFB00527343 /* PopView.swift in Sources */,
				B5D204B12D9EABFB00527343 /* FullSwipeNavigationStack.swift in Sources */,
				B5D204B22D9EABFB00527343 /* PushServerCloudKit.swift in Sources */,
				B5D204B32D9EABFB00527343 /* TagLayout.swift in Sources */,
				B5D204B42D9EABFB00527343 /* TabStateScrollView.swift in Sources */,
			);
			runOnlyForDeploymentPostprocessing = 0;
		};
		B5D205992D9EAEFE00527343 /* Sources */ = {
			isa = PBXSourcesBuildPhase;
			buildActionMask = 2147483647;
			files = (
				B5D2063A2D9EBAD700527343 /* CloudKitManager.swift in Sources */,
				B5D206392D9EBA4D00527343 /* Extension+.swift in Sources */,
				B5D206372D9EB9F700527343 /* cryptoManager.swift in Sources */,
				B5D206382D9EB9F700527343 /* ImageManager.swift in Sources */,
				B5D206362D9EB9A300527343 /* MessageModel.swift in Sources */,
				B5D206352D9EB99800527343 /* OtherModel.swift in Sources */,
				B5D2062F2D9EB90E00527343 /* PushParams.swift in Sources */,
				B5D206302D9EB90E00527343 /* Clipboard.swift in Sources */,
				B5D206312D9EB90E00527343 /* LocalKeys.swift in Sources */,
				B5D206322D9EB90E00527343 /* BaseConfig.swift in Sources */,
				B5D206332D9EB90E00527343 /* RealmConfig.swift in Sources */,
			);
			runOnlyForDeploymentPostprocessing = 0;
		};
		B5D205AA2D9EAF1500527343 /* Sources */ = {
			isa = PBXSourcesBuildPhase;
			buildActionMask = 2147483647;
			files = (
				B5D206152D9EB3BB00527343 /* ImageManager.swift in Sources */,
				B5D2060F2D9EB3AC00527343 /* OtherModel.swift in Sources */,
				B5D206102D9EB3AC00527343 /* Extension+.swift in Sources */,
				B5D206112D9EB3AC00527343 /* PushParams.swift in Sources */,
				B5D206122D9EB3AC00527343 /* Clipboard.swift in Sources */,
				B5D206132D9EB3AC00527343 /* LocalKeys.swift in Sources */,
				B5D206142D9EB3AC00527343 /* BaseConfig.swift in Sources */,
			);
			runOnlyForDeploymentPostprocessing = 0;
		};
		B5D205C22D9EAF3600527343 /* Sources */ = {
			isa = PBXSourcesBuildPhase;
			buildActionMask = 2147483647;
			files = (
				B5D2061D2D9EB4AB00527343 /* PushParams.swift in Sources */,
			);
			runOnlyForDeploymentPostprocessing = 0;
		};
		B5D205D72D9EAF4500527343 /* Sources */ = {
			isa = PBXSourcesBuildPhase;
			buildActionMask = 2147483647;
			files = (
				B5D206342D9EB97800527343 /* OtherModel.swift in Sources */,
				B5D205F52D9EB01100527343 /* CloudKitManager.swift in Sources */,
				B5D205F42D9EB00600527343 /* TagField.swift in Sources */,
				B5D205F32D9EAFFA00527343 /* Clipboard.swift in Sources */,
				B5D205F22D9EAFE100527343 /* ImageManager.swift in Sources */,
				B5D205F12D9EAFD200527343 /* BaseConfig.swift in Sources */,
				B5D205EF2D9EAFC600527343 /* Extension+.swift in Sources */,
				B5D205F02D9EAFC600527343 /* View+.swift in Sources */,
				B5D205EC2D9EAFA300527343 /* PushParams.swift in Sources */,
				B5D205EB2D9EAF9900527343 /* LocalKeys.swift in Sources */,
			);
			runOnlyForDeploymentPostprocessing = 0;
		};
/* End PBXSourcesBuildPhase section */

/* Begin PBXTargetDependency section */
		B5D205A32D9EAEFE00527343 /* PBXTargetDependency */ = {
			isa = PBXTargetDependency;
			target = B5D2059C2D9EAEFE00527343 /* NotificationServiceExtension */;
			targetProxy = B5D205A22D9EAEFE00527343 /* PBXContainerItemProxy */;
		};
		B5D205BC2D9EAF1500527343 /* PBXTargetDependency */ = {
			isa = PBXTargetDependency;
			target = B5D205AD2D9EAF1500527343 /* NotificationContentExtension */;
			targetProxy = B5D205BB2D9EAF1500527343 /* PBXContainerItemProxy */;
		};
		B5D205D12D9EAF3600527343 /* PBXTargetDependency */ = {
			isa = PBXTargetDependency;
			target = B5D205C52D9EAF3600527343 /* NotificationMarkdownExtension */;
			targetProxy = B5D205D02D9EAF3600527343 /* PBXContainerItemProxy */;
		};
		B5D205E42D9EAF4500527343 /* PBXTargetDependency */ = {
			isa = PBXTargetDependency;
			target = B5D205DA2D9EAF4500527343 /* ShareExtension */;
			targetProxy = B5D205E32D9EAF4500527343 /* PBXContainerItemProxy */;
		};
/* End PBXTargetDependency section */

/* Begin XCBuildConfiguration section */
		B5D2042E2D9EABA600527343 /* Debug */ = {
			isa = XCBuildConfiguration;
			buildSettings = {
				ALWAYS_SEARCH_USER_PATHS = NO;
				ASSETCATALOG_COMPILER_GENERATE_SWIFT_ASSET_SYMBOL_EXTENSIONS = YES;
				CLANG_ANALYZER_NONNULL = YES;
				CLANG_ANALYZER_NUMBER_OBJECT_CONVERSION = YES_AGGRESSIVE;
				CLANG_CXX_LANGUAGE_STANDARD = "gnu++20";
				CLANG_ENABLE_MODULES = YES;
				CLANG_ENABLE_OBJC_ARC = YES;
				CLANG_ENABLE_OBJC_WEAK = YES;
				CLANG_WARN_BLOCK_CAPTURE_AUTORELEASING = YES;
				CLANG_WARN_BOOL_CONVERSION = YES;
				CLANG_WARN_COMMA = YES;
				CLANG_WARN_CONSTANT_CONVERSION = YES;
				CLANG_WARN_DEPRECATED_OBJC_IMPLEMENTATIONS = YES;
				CLANG_WARN_DIRECT_OBJC_ISA_USAGE = YES_ERROR;
				CLANG_WARN_DOCUMENTATION_COMMENTS = YES;
				CLANG_WARN_EMPTY_BODY = YES;
				CLANG_WARN_ENUM_CONVERSION = YES;
				CLANG_WARN_INFINITE_RECURSION = YES;
				CLANG_WARN_INT_CONVERSION = YES;
				CLANG_WARN_NON_LITERAL_NULL_CONVERSION = YES;
				CLANG_WARN_OBJC_IMPLICIT_RETAIN_SELF = YES;
				CLANG_WARN_OBJC_LITERAL_CONVERSION = YES;
				CLANG_WARN_OBJC_ROOT_CLASS = YES_ERROR;
				CLANG_WARN_QUOTED_INCLUDE_IN_FRAMEWORK_HEADER = YES;
				CLANG_WARN_RANGE_LOOP_ANALYSIS = YES;
				CLANG_WARN_STRICT_PROTOTYPES = YES;
				CLANG_WARN_SUSPICIOUS_MOVE = YES;
				CLANG_WARN_UNGUARDED_AVAILABILITY = YES_AGGRESSIVE;
				CLANG_WARN_UNREACHABLE_CODE = YES;
				CLANG_WARN__DUPLICATE_METHOD_MATCH = YES;
				COPY_PHASE_STRIP = NO;
				DEBUG_INFORMATION_FORMAT = dwarf;
				ENABLE_STRICT_OBJC_MSGSEND = YES;
				ENABLE_TESTABILITY = YES;
				ENABLE_USER_SCRIPT_SANDBOXING = YES;
				GCC_C_LANGUAGE_STANDARD = gnu17;
				GCC_DYNAMIC_NO_PIC = NO;
				GCC_NO_COMMON_BLOCKS = YES;
				GCC_OPTIMIZATION_LEVEL = 0;
				GCC_PREPROCESSOR_DEFINITIONS = (
					"DEBUG=1",
					"$(inherited)",
				);
				GCC_WARN_64_TO_32_BIT_CONVERSION = YES;
				GCC_WARN_ABOUT_RETURN_TYPE = YES_ERROR;
				GCC_WARN_UNDECLARED_SELECTOR = YES;
				GCC_WARN_UNINITIALIZED_AUTOS = YES_AGGRESSIVE;
				GCC_WARN_UNUSED_FUNCTION = YES;
				GCC_WARN_UNUSED_VARIABLE = YES;
				IPHONEOS_DEPLOYMENT_TARGET = 18.4;
				LOCALIZATION_PREFERS_STRING_CATALOGS = YES;
				MTL_ENABLE_DEBUG_INFO = INCLUDE_SOURCE;
				MTL_FAST_MATH = YES;
				ONLY_ACTIVE_ARCH = YES;
				SDKROOT = iphoneos;
				SWIFT_ACTIVE_COMPILATION_CONDITIONS = "DEBUG $(inherited)";
				SWIFT_EMIT_LOC_STRINGS = YES;
				SWIFT_OPTIMIZATION_LEVEL = "-Onone";
			};
			name = Debug;
		};
		B5D2042F2D9EABA600527343 /* Release */ = {
			isa = XCBuildConfiguration;
			buildSettings = {
				ALWAYS_SEARCH_USER_PATHS = NO;
				ASSETCATALOG_COMPILER_GENERATE_SWIFT_ASSET_SYMBOL_EXTENSIONS = YES;
				CLANG_ANALYZER_NONNULL = YES;
				CLANG_ANALYZER_NUMBER_OBJECT_CONVERSION = YES_AGGRESSIVE;
				CLANG_CXX_LANGUAGE_STANDARD = "gnu++20";
				CLANG_ENABLE_MODULES = YES;
				CLANG_ENABLE_OBJC_ARC = YES;
				CLANG_ENABLE_OBJC_WEAK = YES;
				CLANG_WARN_BLOCK_CAPTURE_AUTORELEASING = YES;
				CLANG_WARN_BOOL_CONVERSION = YES;
				CLANG_WARN_COMMA = YES;
				CLANG_WARN_CONSTANT_CONVERSION = YES;
				CLANG_WARN_DEPRECATED_OBJC_IMPLEMENTATIONS = YES;
				CLANG_WARN_DIRECT_OBJC_ISA_USAGE = YES_ERROR;
				CLANG_WARN_DOCUMENTATION_COMMENTS = YES;
				CLANG_WARN_EMPTY_BODY = YES;
				CLANG_WARN_ENUM_CONVERSION = YES;
				CLANG_WARN_INFINITE_RECURSION = YES;
				CLANG_WARN_INT_CONVERSION = YES;
				CLANG_WARN_NON_LITERAL_NULL_CONVERSION = YES;
				CLANG_WARN_OBJC_IMPLICIT_RETAIN_SELF = YES;
				CLANG_WARN_OBJC_LITERAL_CONVERSION = YES;
				CLANG_WARN_OBJC_ROOT_CLASS = YES_ERROR;
				CLANG_WARN_QUOTED_INCLUDE_IN_FRAMEWORK_HEADER = YES;
				CLANG_WARN_RANGE_LOOP_ANALYSIS = YES;
				CLANG_WARN_STRICT_PROTOTYPES = YES;
				CLANG_WARN_SUSPICIOUS_MOVE = YES;
				CLANG_WARN_UNGUARDED_AVAILABILITY = YES_AGGRESSIVE;
				CLANG_WARN_UNREACHABLE_CODE = YES;
				CLANG_WARN__DUPLICATE_METHOD_MATCH = YES;
				COPY_PHASE_STRIP = NO;
				DEBUG_INFORMATION_FORMAT = "dwarf-with-dsym";
				ENABLE_NS_ASSERTIONS = NO;
				ENABLE_STRICT_OBJC_MSGSEND = YES;
				ENABLE_USER_SCRIPT_SANDBOXING = YES;
				GCC_C_LANGUAGE_STANDARD = gnu17;
				GCC_NO_COMMON_BLOCKS = YES;
				GCC_WARN_64_TO_32_BIT_CONVERSION = YES;
				GCC_WARN_ABOUT_RETURN_TYPE = YES_ERROR;
				GCC_WARN_UNDECLARED_SELECTOR = YES;
				GCC_WARN_UNINITIALIZED_AUTOS = YES_AGGRESSIVE;
				GCC_WARN_UNUSED_FUNCTION = YES;
				GCC_WARN_UNUSED_VARIABLE = YES;
				IPHONEOS_DEPLOYMENT_TARGET = 18.4;
				LOCALIZATION_PREFERS_STRING_CATALOGS = YES;
				MTL_ENABLE_DEBUG_INFO = NO;
				MTL_FAST_MATH = YES;
				SDKROOT = iphoneos;
				SWIFT_COMPILATION_MODE = wholemodule;
				SWIFT_EMIT_LOC_STRINGS = YES;
				VALIDATE_PRODUCT = YES;
			};
			name = Release;
		};
		B5D204312D9EABA600527343 /* Debug */ = {
			isa = XCBuildConfiguration;
			buildSettings = {
				ASSETCATALOG_COMPILER_APPICON_NAME = pushback;
				ASSETCATALOG_COMPILER_GLOBAL_ACCENT_COLOR_NAME = AccentColor;
				ASSETCATALOG_COMPILER_INCLUDE_ALL_APPICON_ASSETS = YES;
				CODE_SIGN_ENTITLEMENTS = pushback/pushback.entitlements;
				CODE_SIGN_STYLE = Automatic;
				CURRENT_PROJECT_VERSION = 2;
				DEVELOPMENT_TEAM = FUWV6U942Q;
				ENABLE_PREVIEWS = YES;
				GENERATE_INFOPLIST_FILE = YES;
				INFOPLIST_FILE = pushback/Info.plist;
				INFOPLIST_KEY_CFBundleDisplayName = pushback;
				INFOPLIST_KEY_ITSAppUsesNonExemptEncryption = NO;
				INFOPLIST_KEY_NSCameraUsageDescription = "we need access to you Camera";
				INFOPLIST_KEY_NSPhotoLibraryAddUsageDescription = "We need access to your photo album！";
				INFOPLIST_KEY_NSPhotoLibraryUsageDescription = "We need access to your photo album";
				INFOPLIST_KEY_UIApplicationSceneManifest_Generation = YES;
				INFOPLIST_KEY_UIApplicationSupportsIndirectInputEvents = YES;
				INFOPLIST_KEY_UILaunchScreen_Generation = YES;
				INFOPLIST_KEY_UILaunchStoryboardName = "Launch Screen.storyboard";
				INFOPLIST_KEY_UISupportedInterfaceOrientations_iPad = "UIInterfaceOrientationPortrait UIInterfaceOrientationPortraitUpsideDown UIInterfaceOrientationLandscapeLeft UIInterfaceOrientationLandscapeRight";
				INFOPLIST_KEY_UISupportedInterfaceOrientations_iPhone = "UIInterfaceOrientationPortrait UIInterfaceOrientationLandscapeLeft UIInterfaceOrientationLandscapeRight";
				IPHONEOS_DEPLOYMENT_TARGET = 16.0;
				LD_RUNPATH_SEARCH_PATHS = (
					"$(inherited)",
					"@executable_path/Frameworks",
				);
				MARKETING_VERSION = 2.0.9;
				PRODUCT_BUNDLE_IDENTIFIER = me.uuneo.Meoworld;
				PRODUCT_NAME = "$(TARGET_NAME)";
				SWIFT_EMIT_LOC_STRINGS = YES;
				SWIFT_VERSION = 5.0;
				TARGETED_DEVICE_FAMILY = "1,2";
			};
			name = Debug;
		};
		B5D204322D9EABA600527343 /* Release */ = {
			isa = XCBuildConfiguration;
			buildSettings = {
				ASSETCATALOG_COMPILER_APPICON_NAME = pushback;
				ASSETCATALOG_COMPILER_GLOBAL_ACCENT_COLOR_NAME = AccentColor;
				ASSETCATALOG_COMPILER_INCLUDE_ALL_APPICON_ASSETS = YES;
				CODE_SIGN_ENTITLEMENTS = pushback/pushback.entitlements;
				CODE_SIGN_STYLE = Automatic;
				CURRENT_PROJECT_VERSION = 2;
				DEVELOPMENT_TEAM = FUWV6U942Q;
				ENABLE_PREVIEWS = YES;
				GENERATE_INFOPLIST_FILE = YES;
				INFOPLIST_FILE = pushback/Info.plist;
				INFOPLIST_KEY_CFBundleDisplayName = pushback;
				INFOPLIST_KEY_ITSAppUsesNonExemptEncryption = NO;
				INFOPLIST_KEY_NSCameraUsageDescription = "we need access to you Camera";
				INFOPLIST_KEY_NSPhotoLibraryAddUsageDescription = "We need access to your photo album！";
				INFOPLIST_KEY_NSPhotoLibraryUsageDescription = "We need access to your photo album";
				INFOPLIST_KEY_UIApplicationSceneManifest_Generation = YES;
				INFOPLIST_KEY_UIApplicationSupportsIndirectInputEvents = YES;
				INFOPLIST_KEY_UILaunchScreen_Generation = YES;
				INFOPLIST_KEY_UILaunchStoryboardName = "Launch Screen.storyboard";
				INFOPLIST_KEY_UISupportedInterfaceOrientations_iPad = "UIInterfaceOrientationPortrait UIInterfaceOrientationPortraitUpsideDown UIInterfaceOrientationLandscapeLeft UIInterfaceOrientationLandscapeRight";
				INFOPLIST_KEY_UISupportedInterfaceOrientations_iPhone = "UIInterfaceOrientationPortrait UIInterfaceOrientationLandscapeLeft UIInterfaceOrientationLandscapeRight";
				IPHONEOS_DEPLOYMENT_TARGET = 16.0;
				LD_RUNPATH_SEARCH_PATHS = (
					"$(inherited)",
					"@executable_path/Frameworks",
				);
				MARKETING_VERSION = 2.0.9;
				PRODUCT_BUNDLE_IDENTIFIER = me.uuneo.Meoworld;
				PRODUCT_NAME = "$(TARGET_NAME)";
				SWIFT_EMIT_LOC_STRINGS = YES;
				SWIFT_VERSION = 5.0;
				TARGETED_DEVICE_FAMILY = "1,2";
			};
			name = Release;
		};
		B5D205A72D9EAEFE00527343 /* Debug */ = {
			isa = XCBuildConfiguration;
			buildSettings = {
				CODE_SIGN_ENTITLEMENTS = NotificationServiceExtension/NotificationServiceExtension.entitlements;
				CODE_SIGN_STYLE = Automatic;
				CURRENT_PROJECT_VERSION = 2;
				DEVELOPMENT_TEAM = FUWV6U942Q;
				GENERATE_INFOPLIST_FILE = YES;
				INFOPLIST_FILE = NotificationServiceExtension/Info.plist;
				INFOPLIST_KEY_CFBundleDisplayName = NotificationServiceExtension;
				INFOPLIST_KEY_NSHumanReadableCopyright = "";
				IPHONEOS_DEPLOYMENT_TARGET = 16.0;
				LD_RUNPATH_SEARCH_PATHS = (
					"$(inherited)",
					"@executable_path/Frameworks",
					"@executable_path/../../Frameworks",
				);
				MARKETING_VERSION = 2.0.9;
				PRODUCT_BUNDLE_IDENTIFIER = me.uuneo.Meoworld.NotificationServiceExtension;
				PRODUCT_NAME = "$(TARGET_NAME)";
				SKIP_INSTALL = YES;
				SWIFT_EMIT_LOC_STRINGS = YES;
				SWIFT_VERSION = 5.0;
				TARGETED_DEVICE_FAMILY = "1,2";
			};
			name = Debug;
		};
		B5D205A82D9EAEFE00527343 /* Release */ = {
			isa = XCBuildConfiguration;
			buildSettings = {
				CODE_SIGN_ENTITLEMENTS = NotificationServiceExtension/NotificationServiceExtension.entitlements;
				CODE_SIGN_STYLE = Automatic;
				CURRENT_PROJECT_VERSION = 2;
				DEVELOPMENT_TEAM = FUWV6U942Q;
				GENERATE_INFOPLIST_FILE = YES;
				INFOPLIST_FILE = NotificationServiceExtension/Info.plist;
				INFOPLIST_KEY_CFBundleDisplayName = NotificationServiceExtension;
				INFOPLIST_KEY_NSHumanReadableCopyright = "";
				IPHONEOS_DEPLOYMENT_TARGET = 16.0;
				LD_RUNPATH_SEARCH_PATHS = (
					"$(inherited)",
					"@executable_path/Frameworks",
					"@executable_path/../../Frameworks",
				);
				MARKETING_VERSION = 2.0.9;
				PRODUCT_BUNDLE_IDENTIFIER = me.uuneo.Meoworld.NotificationServiceExtension;
				PRODUCT_NAME = "$(TARGET_NAME)";
				SKIP_INSTALL = YES;
				SWIFT_EMIT_LOC_STRINGS = YES;
				SWIFT_VERSION = 5.0;
				TARGETED_DEVICE_FAMILY = "1,2";
			};
			name = Release;
		};
		B5D205C02D9EAF1500527343 /* Debug */ = {
			isa = XCBuildConfiguration;
			buildSettings = {
				CODE_SIGN_ENTITLEMENTS = NotificationContentExtension/NotificationContentExtension.entitlements;
				CODE_SIGN_STYLE = Automatic;
				CURRENT_PROJECT_VERSION = 2;
				DEVELOPMENT_TEAM = FUWV6U942Q;
				GENERATE_INFOPLIST_FILE = YES;
				INFOPLIST_FILE = NotificationContentExtension/Info.plist;
				INFOPLIST_KEY_CFBundleDisplayName = NotificationContentExtension;
				INFOPLIST_KEY_NSHumanReadableCopyright = "";
				IPHONEOS_DEPLOYMENT_TARGET = 16.0;
				LD_RUNPATH_SEARCH_PATHS = (
					"$(inherited)",
					"@executable_path/Frameworks",
					"@executable_path/../../Frameworks",
				);
				MARKETING_VERSION = 2.0.9;
				PRODUCT_BUNDLE_IDENTIFIER = me.uuneo.Meoworld.NotificationContentExtension;
				PRODUCT_NAME = "$(TARGET_NAME)";
				SKIP_INSTALL = YES;
				SWIFT_EMIT_LOC_STRINGS = YES;
				SWIFT_VERSION = 5.0;
				TARGETED_DEVICE_FAMILY = "1,2";
			};
			name = Debug;
		};
		B5D205C12D9EAF1500527343 /* Release */ = {
			isa = XCBuildConfiguration;
			buildSettings = {
				CODE_SIGN_ENTITLEMENTS = NotificationContentExtension/NotificationContentExtension.entitlements;
				CODE_SIGN_STYLE = Automatic;
				CURRENT_PROJECT_VERSION = 2;
				DEVELOPMENT_TEAM = FUWV6U942Q;
				GENERATE_INFOPLIST_FILE = YES;
				INFOPLIST_FILE = NotificationContentExtension/Info.plist;
				INFOPLIST_KEY_CFBundleDisplayName = NotificationContentExtension;
				INFOPLIST_KEY_NSHumanReadableCopyright = "";
				IPHONEOS_DEPLOYMENT_TARGET = 16.0;
				LD_RUNPATH_SEARCH_PATHS = (
					"$(inherited)",
					"@executable_path/Frameworks",
					"@executable_path/../../Frameworks",
				);
				MARKETING_VERSION = 2.0.9;
				PRODUCT_BUNDLE_IDENTIFIER = me.uuneo.Meoworld.NotificationContentExtension;
				PRODUCT_NAME = "$(TARGET_NAME)";
				SKIP_INSTALL = YES;
				SWIFT_EMIT_LOC_STRINGS = YES;
				SWIFT_VERSION = 5.0;
				TARGETED_DEVICE_FAMILY = "1,2";
			};
			name = Release;
		};
		B5D205D52D9EAF3600527343 /* Debug */ = {
			isa = XCBuildConfiguration;
			buildSettings = {
				CODE_SIGN_STYLE = Automatic;
				CURRENT_PROJECT_VERSION = 2;
				DEVELOPMENT_TEAM = FUWV6U942Q;
				GENERATE_INFOPLIST_FILE = YES;
				INFOPLIST_FILE = NotificationMarkdownExtension/Info.plist;
				INFOPLIST_KEY_CFBundleDisplayName = NotificationMarkdownExtension;
				INFOPLIST_KEY_NSHumanReadableCopyright = "";
				IPHONEOS_DEPLOYMENT_TARGET = 16.0;
				LD_RUNPATH_SEARCH_PATHS = (
					"$(inherited)",
					"@executable_path/Frameworks",
					"@executable_path/../../Frameworks",
				);
				MARKETING_VERSION = 2.0.9;
				PRODUCT_BUNDLE_IDENTIFIER = me.uuneo.Meoworld.NotificationMarkdownExtension;
				PRODUCT_NAME = "$(TARGET_NAME)";
				SKIP_INSTALL = YES;
				SWIFT_EMIT_LOC_STRINGS = YES;
				SWIFT_VERSION = 5.0;
				TARGETED_DEVICE_FAMILY = "1,2";
			};
			name = Debug;
		};
		B5D205D62D9EAF3600527343 /* Release */ = {
			isa = XCBuildConfiguration;
			buildSettings = {
				CODE_SIGN_STYLE = Automatic;
				CURRENT_PROJECT_VERSION = 2;
				DEVELOPMENT_TEAM = FUWV6U942Q;
				GENERATE_INFOPLIST_FILE = YES;
				INFOPLIST_FILE = NotificationMarkdownExtension/Info.plist;
				INFOPLIST_KEY_CFBundleDisplayName = NotificationMarkdownExtension;
				INFOPLIST_KEY_NSHumanReadableCopyright = "";
				IPHONEOS_DEPLOYMENT_TARGET = 16.0;
				LD_RUNPATH_SEARCH_PATHS = (
					"$(inherited)",
					"@executable_path/Frameworks",
					"@executable_path/../../Frameworks",
				);
				MARKETING_VERSION = 2.0.9;
				PRODUCT_BUNDLE_IDENTIFIER = me.uuneo.Meoworld.NotificationMarkdownExtension;
				PRODUCT_NAME = "$(TARGET_NAME)";
				SKIP_INSTALL = YES;
				SWIFT_EMIT_LOC_STRINGS = YES;
				SWIFT_VERSION = 5.0;
				TARGETED_DEVICE_FAMILY = "1,2";
			};
			name = Release;
		};
		B5D205E82D9EAF4500527343 /* Debug */ = {
			isa = XCBuildConfiguration;
			buildSettings = {
				CODE_SIGN_ENTITLEMENTS = ShareExtension/ShareExtension.entitlements;
				CODE_SIGN_STYLE = Automatic;
				CURRENT_PROJECT_VERSION = 1;
				DEVELOPMENT_TEAM = FUWV6U942Q;
				GENERATE_INFOPLIST_FILE = YES;
				INFOPLIST_FILE = ShareExtension/Info.plist;
				INFOPLIST_KEY_CFBundleDisplayName = ShareExtension;
				INFOPLIST_KEY_NSHumanReadableCopyright = "";
				IPHONEOS_DEPLOYMENT_TARGET = 16.0;
				LD_RUNPATH_SEARCH_PATHS = (
					"$(inherited)",
					"@executable_path/Frameworks",
					"@executable_path/../../Frameworks",
				);
				MARKETING_VERSION = 2.0.9;
				PRODUCT_BUNDLE_IDENTIFIER = me.uuneo.Meoworld.ShareExtension;
				PRODUCT_NAME = "$(TARGET_NAME)";
				SKIP_INSTALL = YES;
				SWIFT_EMIT_LOC_STRINGS = YES;
				SWIFT_VERSION = 5.0;
				TARGETED_DEVICE_FAMILY = "1,2";
			};
			name = Debug;
		};
		B5D205E92D9EAF4500527343 /* Release */ = {
			isa = XCBuildConfiguration;
			buildSettings = {
				CODE_SIGN_ENTITLEMENTS = ShareExtension/ShareExtension.entitlements;
				CODE_SIGN_STYLE = Automatic;
				CURRENT_PROJECT_VERSION = 1;
				DEVELOPMENT_TEAM = FUWV6U942Q;
				GENERATE_INFOPLIST_FILE = YES;
				INFOPLIST_FILE = ShareExtension/Info.plist;
				INFOPLIST_KEY_CFBundleDisplayName = ShareExtension;
				INFOPLIST_KEY_NSHumanReadableCopyright = "";
				IPHONEOS_DEPLOYMENT_TARGET = 16.0;
				LD_RUNPATH_SEARCH_PATHS = (
					"$(inherited)",
					"@executable_path/Frameworks",
					"@executable_path/../../Frameworks",
				);
				MARKETING_VERSION = 2.0.9;
				PRODUCT_BUNDLE_IDENTIFIER = me.uuneo.Meoworld.ShareExtension;
				PRODUCT_NAME = "$(TARGET_NAME)";
				SKIP_INSTALL = YES;
				SWIFT_EMIT_LOC_STRINGS = YES;
				SWIFT_VERSION = 5.0;
				TARGETED_DEVICE_FAMILY = "1,2";
			};
			name = Release;
		};
/* End XCBuildConfiguration section */

/* Begin XCConfigurationList section */
		B5D204202D9EABA300527343 /* Build configuration list for PBXProject "pushback" */ = {
			isa = XCConfigurationList;
			buildConfigurations = (
				B5D2042E2D9EABA600527343 /* Debug */,
				B5D2042F2D9EABA600527343 /* Release */,
			);
			defaultConfigurationIsVisible = 0;
			defaultConfigurationName = Release;
		};
		B5D204302D9EABA600527343 /* Build configuration list for PBXNativeTarget "pushback" */ = {
			isa = XCConfigurationList;
			buildConfigurations = (
				B5D204312D9EABA600527343 /* Debug */,
				B5D204322D9EABA600527343 /* Release */,
			);
			defaultConfigurationIsVisible = 0;
			defaultConfigurationName = Release;
		};
		B5D205A62D9EAEFE00527343 /* Build configuration list for PBXNativeTarget "NotificationServiceExtension" */ = {
			isa = XCConfigurationList;
			buildConfigurations = (
				B5D205A72D9EAEFE00527343 /* Debug */,
				B5D205A82D9EAEFE00527343 /* Release */,
			);
			defaultConfigurationIsVisible = 0;
			defaultConfigurationName = Release;
		};
		B5D205BF2D9EAF1500527343 /* Build configuration list for PBXNativeTarget "NotificationContentExtension" */ = {
			isa = XCConfigurationList;
			buildConfigurations = (
				B5D205C02D9EAF1500527343 /* Debug */,
				B5D205C12D9EAF1500527343 /* Release */,
			);
			defaultConfigurationIsVisible = 0;
			defaultConfigurationName = Release;
		};
		B5D205D42D9EAF3600527343 /* Build configuration list for PBXNativeTarget "NotificationMarkdownExtension" */ = {
			isa = XCConfigurationList;
			buildConfigurations = (
				B5D205D52D9EAF3600527343 /* Debug */,
				B5D205D62D9EAF3600527343 /* Release */,
			);
			defaultConfigurationIsVisible = 0;
			defaultConfigurationName = Release;
		};
		B5D205E72D9EAF4500527343 /* Build configuration list for PBXNativeTarget "ShareExtension" */ = {
			isa = XCConfigurationList;
			buildConfigurations = (
				B5D205E82D9EAF4500527343 /* Debug */,
				B5D205E92D9EAF4500527343 /* Release */,
			);
			defaultConfigurationIsVisible = 0;
			defaultConfigurationName = Release;
		};
/* End XCConfigurationList section */

/* Begin XCRemoteSwiftPackageReference section */
		B5D205772D9EAE0400527343 /* XCRemoteSwiftPackageReference "swift-markdown-ui" */ = {
			isa = XCRemoteSwiftPackageReference;
			repositoryURL = "https://github.com/uuneo/swift-markdown-ui";
			requirement = {
				kind = upToNextMajorVersion;
				minimumVersion = 2.4.2;
			};
		};
		B5D2057A2D9EAE1C00527343 /* XCRemoteSwiftPackageReference "Defaults" */ = {
			isa = XCRemoteSwiftPackageReference;
			repositoryURL = "https://github.com/uuneo/Defaults.git";
			requirement = {
				branch = main;
				kind = branch;
			};
		};
		B5D2057D2D9EAE2C00527343 /* XCRemoteSwiftPackageReference "Kingfisher" */ = {
			isa = XCRemoteSwiftPackageReference;
			repositoryURL = "https://github.com/onevcat/Kingfisher.git";
			requirement = {
				kind = upToNextMajorVersion;
				minimumVersion = 8.3.1;
			};
		};
		B5D205802D9EAE3F00527343 /* XCRemoteSwiftPackageReference "OpenAI" */ = {
			isa = XCRemoteSwiftPackageReference;
			repositoryURL = "https://github.com/MacPaw/OpenAI.git";
			requirement = {
				kind = upToNextMajorVersion;
				minimumVersion = 0.3.9;
			};
		};
		B5D205832D9EAE5500527343 /* XCRemoteSwiftPackageReference "plcrashreporter" */ = {
			isa = XCRemoteSwiftPackageReference;
			repositoryURL = "https://github.com/microsoft/plcrashreporter.git";
			requirement = {
				kind = upToNextMajorVersion;
				minimumVersion = 1.12.0;
			};
		};
		B5D205862D9EAE6A00527343 /* XCRemoteSwiftPackageReference "QRScanner" */ = {
			isa = XCRemoteSwiftPackageReference;
			repositoryURL = "https://github.com/uuneo/QRScanner.git";
			requirement = {
				branch = master;
				kind = branch;
			};
		};
		B5D205892D9EAE8A00527343 /* XCRemoteSwiftPackageReference "realm-swift" */ = {
			isa = XCRemoteSwiftPackageReference;
			repositoryURL = "https://github.com/realm/realm-swift.git";
			requirement = {
				branch = master;
				kind = branch;
			};
		};
		B5D2058E2D9EAEA800527343 /* XCRemoteSwiftPackageReference "Splash" */ = {
			isa = XCRemoteSwiftPackageReference;
			repositoryURL = "https://github.com/AugustDev/Splash";
			requirement = {
				branch = master;
				kind = branch;
			};
		};
		B5D205912D9EAEBE00527343 /* XCRemoteSwiftPackageReference "swift-cmark" */ = {
			isa = XCRemoteSwiftPackageReference;
			repositoryURL = "https://github.com/swiftlang/swift-cmark";
			requirement = {
				kind = upToNextMajorVersion;
				minimumVersion = 0.6.0;
			};
		};
		B5D205962D9EAED900527343 /* XCRemoteSwiftPackageReference "SwiftyJSON" */ = {
			isa = XCRemoteSwiftPackageReference;
			repositoryURL = "https://github.com/uuneo/SwiftyJSON.git";
			requirement = {
				branch = master;
				kind = branch;
			};
		};
/* End XCRemoteSwiftPackageReference section */

/* Begin XCSwiftPackageProductDependency section */
		B5D205782D9EAE0400527343 /* MarkdownUI */ = {
			isa = XCSwiftPackageProductDependency;
			package = B5D205772D9EAE0400527343 /* XCRemoteSwiftPackageReference "swift-markdown-ui" */;
			productName = MarkdownUI;
		};
		B5D2057B2D9EAE1C00527343 /* Defaults */ = {
			isa = XCSwiftPackageProductDependency;
			package = B5D2057A2D9EAE1C00527343 /* XCRemoteSwiftPackageReference "Defaults" */;
			productName = Defaults;
		};
		B5D2057E2D9EAE2C00527343 /* Kingfisher */ = {
			isa = XCSwiftPackageProductDependency;
			package = B5D2057D2D9EAE2C00527343 /* XCRemoteSwiftPackageReference "Kingfisher" */;
			productName = Kingfisher;
		};
		B5D205812D9EAE3F00527343 /* OpenAI */ = {
			isa = XCSwiftPackageProductDependency;
			package = B5D205802D9EAE3F00527343 /* XCRemoteSwiftPackageReference "OpenAI" */;
			productName = OpenAI;
		};
		B5D205842D9EAE5500527343 /* CrashReporter */ = {
			isa = XCSwiftPackageProductDependency;
			package = B5D205832D9EAE5500527343 /* XCRemoteSwiftPackageReference "plcrashreporter" */;
			productName = CrashReporter;
		};
		B5D205872D9EAE6A00527343 /* QRScanner */ = {
			isa = XCSwiftPackageProductDependency;
			package = B5D205862D9EAE6A00527343 /* XCRemoteSwiftPackageReference "QRScanner" */;
			productName = QRScanner;
		};
		B5D2058C2D9EAE8A00527343 /* RealmSwift */ = {
			isa = XCSwiftPackageProductDependency;
			package = B5D205892D9EAE8A00527343 /* XCRemoteSwiftPackageReference "realm-swift" */;
			productName = RealmSwift;
		};
		B5D2058F2D9EAEA800527343 /* Splash */ = {
			isa = XCSwiftPackageProductDependency;
			package = B5D2058E2D9EAEA800527343 /* XCRemoteSwiftPackageReference "Splash" */;
			productName = Splash;
		};
		B5D205922D9EAEBE00527343 /* cmark-gfm */ = {
			isa = XCSwiftPackageProductDependency;
			package = B5D205912D9EAEBE00527343 /* XCRemoteSwiftPackageReference "swift-cmark" */;
			productName = "cmark-gfm";
		};
		B5D205942D9EAEBE00527343 /* cmark-gfm-extensions */ = {
			isa = XCSwiftPackageProductDependency;
			package = B5D205912D9EAEBE00527343 /* XCRemoteSwiftPackageReference "swift-cmark" */;
			productName = "cmark-gfm-extensions";
		};
		B5D205972D9EAED900527343 /* SwiftyJSON */ = {
			isa = XCSwiftPackageProductDependency;
			package = B5D205962D9EAED900527343 /* XCRemoteSwiftPackageReference "SwiftyJSON" */;
			productName = SwiftyJSON;
		};
		B5D206082D9EB13700527343 /* cmark-gfm */ = {
			isa = XCSwiftPackageProductDependency;
			package = B5D205912D9EAEBE00527343 /* XCRemoteSwiftPackageReference "swift-cmark" */;
			productName = "cmark-gfm";
		};
		B5D2060B2D9EB2BC00527343 /* Defaults */ = {
			isa = XCSwiftPackageProductDependency;
			package = B5D2057A2D9EAE1C00527343 /* XCRemoteSwiftPackageReference "Defaults" */;
			productName = Defaults;
		};
		B5D2060D2D9EB36100527343 /* Kingfisher */ = {
			isa = XCSwiftPackageProductDependency;
			package = B5D2057D2D9EAE2C00527343 /* XCRemoteSwiftPackageReference "Kingfisher" */;
			productName = Kingfisher;
		};
		B5D206162D9EB3FA00527343 /* cmark-gfm */ = {
			isa = XCSwiftPackageProductDependency;
			package = B5D205912D9EAEBE00527343 /* XCRemoteSwiftPackageReference "swift-cmark" */;
			productName = "cmark-gfm";
		};
		B5D206182D9EB3FA00527343 /* cmark-gfm-extensions */ = {
			isa = XCSwiftPackageProductDependency;
			package = B5D205912D9EAEBE00527343 /* XCRemoteSwiftPackageReference "swift-cmark" */;
			productName = "cmark-gfm-extensions";
		};
		B5D206202D9EB78600527343 /* Defaults */ = {
			isa = XCSwiftPackageProductDependency;
			package = B5D2057A2D9EAE1C00527343 /* XCRemoteSwiftPackageReference "Defaults" */;
			productName = Defaults;
		};
		B5D206222D9EB78600527343 /* Kingfisher */ = {
			isa = XCSwiftPackageProductDependency;
			package = B5D2057D2D9EAE2C00527343 /* XCRemoteSwiftPackageReference "Kingfisher" */;
			productName = Kingfisher;
		};
		B5D206242D9EB78600527343 /* RealmSwift */ = {
			isa = XCSwiftPackageProductDependency;
			package = B5D205892D9EAE8A00527343 /* XCRemoteSwiftPackageReference "realm-swift" */;
			productName = RealmSwift;
		};
		B5D206282D9EB78600527343 /* SwiftyJSON */ = {
			isa = XCSwiftPackageProductDependency;
			package = B5D205962D9EAED900527343 /* XCRemoteSwiftPackageReference "SwiftyJSON" */;
			productName = SwiftyJSON;
		};
		B5D2062A2D9EB7BD00527343 /* Kingfisher */ = {
			isa = XCSwiftPackageProductDependency;
			package = B5D2057D2D9EAE2C00527343 /* XCRemoteSwiftPackageReference "Kingfisher" */;
			productName = Kingfisher;
		};
		B5D2063B2D9EBAFE00527343 /* Defaults */ = {
			isa = XCSwiftPackageProductDependency;
			package = B5D2057A2D9EAE1C00527343 /* XCRemoteSwiftPackageReference "Defaults" */;
			productName = Defaults;
		};
/* End XCSwiftPackageProductDependency section */
	};
	rootObject = B5D2041D2D9EABA300527343 /* Project object */;
}
