{
  "originHash" : "c2dc156e26ecfec114ef108d376c05ac39a404741b68a66fd1186bc07b69a903",
  "pins" : [
    {
      "identity" : "defaults",
      "kind" : "remoteSourceControl",
      "location" : "https://github.com/uuneo/Defaults.git",
      "state" : {
        "branch" : "main",
        "revision" : "cc938ecf0bed848dc80a9726ac5455104e3f9dae"
      }
    },
    {
      "identity" : "kingfisher",
      "kind" : "remoteSourceControl",
      "location" : "https://github.com/onevcat/Kingfisher.git",
      "state" : {
        "revision" : "4c6b067f96953ee19526e49e4189403a2be21fb3",
        "version" : "8.3.1"
      }
    },
    {
      "identity" : "networkimage",
      "kind" : "remoteSourceControl",
      "location" : "https://github.com/gonzalezreal/NetworkImage",
      "state" : {
        "revision" : "2849f5323265386e200484b0d0f896e73c3411b9",
        "version" : "6.0.1"
      }
    },
    {
      "identity" : "openai",
      "kind" : "remoteSourceControl",
      "location" : "https://github.com/MacPaw/OpenAI.git",
      "state" : {
        "revision" : "58de48f0da70ec743727849245c24a22c03f1ee6",
        "version" : "0.3.8"
      }
    },
    {
      "identity" : "qrscanner",
      "kind" : "remoteSourceControl",
      "location" : "https://github.com/uuneo/QRScanner.git",
      "state" : {
        "branch" : "master",
        "revision" : "cf552fca58931703573bdb273d61648f5fbbe95b"
      }
    },
    {
      "identity" : "realm-core",
      "kind" : "remoteSourceControl",
      "location" : "https://github.com/realm/realm-core.git",
      "state" : {
        "revision" : "cccb3ca9e26ec452a29f2f0d4050d1e38b8a3d43",
        "version" : "14.14.0"
      }
    },
    {
      "identity" : "realm-swift",
      "kind" : "remoteSourceControl",
      "location" : "https://github.com/realm/realm-swift.git",
      "state" : {
        "branch" : "master",
        "revision" : "8cb364a6a63695df296f05b53f7c3f3b1dda6af3"
      }
    },
    {
      "identity" : "splash",
      "kind" : "remoteSourceControl",
      "location" : "https://github.com/AugustDev/Splash",
      "state" : {
        "branch" : "master",
        "revision" : "c31eba0866102be9be29391dac641ecb46795702"
      }
    },
    {
      "identity" : "swift-cmark",
      "kind" : "remoteSourceControl",
      "location" : "https://github.com/swiftlang/swift-cmark",
      "state" : {
        "revision" : "b022b08312decdc46585e0b3440d97f6f22ef703",
        "version" : "0.6.0"
      }
    },
    {
      "identity" : "swift-markdown-ui",
      "kind" : "remoteSourceControl",
      "location" : "https://github.com/uuneo/swift-markdown-ui",
      "state" : {
        "revision" : "2f5628729f96d12814b3f772f748363819e7246e",
        "version" : "2.4.2"
      }
    },
    {
      "identity" : "swift-syntax",
      "kind" : "remoteSourceControl",
      "location" : "https://github.com/swiftlang/swift-syntax",
      "state" : {
        "revision" : "0687f71944021d616d34d922343dcef086855920",
        "version" : "600.0.1"
      }
    },
    {
      "identity" : "swiftyjson",
      "kind" : "remoteSourceControl",
      "location" : "https://github.com/uuneo/SwiftyJSON.git",
      "state" : {
        "branch" : "master",
        "revision" : "c761b43aa03f15f00df64744e70399d78c3bee96"
      }
    }
  ],
  "version" : 3
}
