{
  "originHash" : "c5a29bf9db6462961ad90890398c76ceeacc7281c16d96c1fc150da2ec1df2c3",
  "pins" : [
    {
      "identity" : "defaults",
      "kind" : "remoteSourceControl",
      "location" : "https://github.com/uuneo/Defaults.git",
      "state" : {
        "branch" : "main",
        "revision" : "a89f799930c92a85aa04b72131849d46c0833ab3"
      }
    },
    {
      "identity" : "purchases-ios",
      "kind" : "remoteSourceControl",
      "location" : "https://github.com/RevenueCat/purchases-ios.git",
      "state" : {
        "revision" : "7b2855bbe96980952c9ebe686df1ead1b38f1f11",
        "version" : "5.9.0"
      }
    },
    {
      "identity" : "qrscanner",
      "kind" : "remoteSourceControl",
      "location" : "https://github.com/uuneo/QRScanner.git",
      "state" : {
        "branch" : "master",
        "revision" : "0262bf06c1f4683b6cde9ee9a72f3b720147e81c"
      }
    },
    {
      "identity" : "realm-core",
      "kind" : "remoteSourceControl",
      "location" : "https://github.com/realm/realm-core.git",
      "state" : {
        "revision" : "85eeca41654cc9070ad81a21a4b1d153ad467c33",
        "version" : "14.13.1"
      }
    },
    {
      "identity" : "realm-swift",
      "kind" : "remoteSourceControl",
      "location" : "https://github.com/uuneo/realm-swift.git",
      "state" : {
        "branch" : "master",
        "revision" : "5553cfd1c789efdb3d6daf7f0cc0733cfe601846"
      }
    },
    {
      "identity" : "swiftyjson",
      "kind" : "remoteSourceControl",
      "location" : "https://github.com/uuneo/SwiftyJSON.git",
      "state" : {
        "branch" : "master",
        "revision" : "58391413ad113d98ea7f434354dceb8cb751b54e"
      }
    }
  ],
  "version" : 3
}
